
Microsoft Visual Studio Solution File, Format Version 12.00
Project("{2150E333-8FDC-42A3-9474-1A3956D46DE8}") = "src", "src", "{ACCA8164-265C-455D-BEBD-EB16A2C8FCE9}"
	ProjectSection(SolutionItems) = preProject
		compose.yaml = compose.yaml
	EndProjectSection
EndProject
Project("{2150E333-8FDC-42A3-9474-1A3956D46DE8}") = "Api", "Api", "{066CD5A6-209E-486A-8D11-A0B803799F6C}"
EndProject
Project("{2150E333-8FDC-42A3-9474-1A3956D46DE8}") = "Modules", "Modules", "{04DAFC2A-C1C8-408D-BF14-98B5A9EE1ECD}"
EndProject
Project("{FAE04EC0-301F-11D3-BF4B-00C04F79EFBC}") = "RoomManagerment.ExternalApi", "RoomManagerment.ExternalApi\RoomManagerment.ExternalApi.csproj", "{40EFEE87-C6D1-42C2-9994-D4C5466B7E07}"
EndProject
Project("{2150E333-8FDC-42A3-9474-1A3956D46DE8}") = "Identity", "Identity", "{78D49ABA-48BB-4FE5-B426-CA9B0E88A63E}"
EndProject
Project("{2150E333-8FDC-42A3-9474-1A3956D46DE8}") = "env", "env", "{4186C556-585E-4B1D-91E3-D20F002BEF1F}"
	ProjectSection(SolutionItems) = preProject
		.env = .env
		.env.production = .env.production
		.env.local = .env.local
	EndProjectSection
EndProject
Project("{FAE04EC0-301F-11D3-BF4B-00C04F79EFBC}") = "Identity.API", "Modules\Identity\Identity.API\Identity.API.csproj", "{FA92ACFD-924F-4158-A455-191C279EC506}"
EndProject
Project("{FAE04EC0-301F-11D3-BF4B-00C04F79EFBC}") = "Identity.Application", "Modules\Identity\Identity.Application\Identity.Application.csproj", "{4F45E735-30F6-488D-9E6D-3CB36FD81981}"
EndProject
Project("{FAE04EC0-301F-11D3-BF4B-00C04F79EFBC}") = "Identity.Domain", "Modules\Identity\Identity.Domain\Identity.Domain.csproj", "{B3158811-4799-433E-A723-089385C1D5DC}"
EndProject
Project("{FAE04EC0-301F-11D3-BF4B-00C04F79EFBC}") = "Identity.Infrastructure", "Modules\Identity\Identity.Infrastructure\Identity.Infrastructure.csproj", "{DD2504D1-318B-442D-B404-0C49D0860512}"
EndProject
Project("{2150E333-8FDC-42A3-9474-1A3956D46DE8}") = "DAL", "DAL", "{29C832B5-954D-4466-9C90-3F6A70E720BF}"
EndProject
Project("{FAE04EC0-301F-11D3-BF4B-00C04F79EFBC}") = "RoomManagerment.Gateway", "RoomManagerment.Gateway\RoomManagerment.Gateway.csproj", "{80914292-3A9B-4611-8D25-2A7C66C33D0B}"
EndProject
Project("{FAE04EC0-301F-11D3-BF4B-00C04F79EFBC}") = "RoomManagerment.IdentityDBSpecific", "Modules\Identity\DAL\DatabaseSpecific\RoomManagerment.IdentityDBSpecific.csproj", "{18D3E8AB-F000-4A90-8767-96C09B0BD23F}"
EndProject
Project("{FAE04EC0-301F-11D3-BF4B-00C04F79EFBC}") = "RoomManagerment.Identity", "Modules\Identity\DAL\DatabaseGeneric\RoomManagerment.Identity.csproj", "{C619EAA1-D3FC-4B8D-ABAC-8042F8456A5E}"
EndProject
Project("{2150E333-8FDC-42A3-9474-1A3956D46DE8}") = "Notification", "Notification", "{0FD2E8D1-2BA0-448F-AAB8-04135D7B4A1C}"
EndProject
Project("{2150E333-8FDC-42A3-9474-1A3956D46DE8}") = "DAL", "DAL", "{8737BC59-3093-48E4-85DD-256107FBB7BC}"
EndProject
Project("{FAE04EC0-301F-11D3-BF4B-00C04F79EFBC}") = "RoomManagerment.Notification", "Modules\Notification\DAL\DatabaseGeneric\RoomManagerment.Notification.csproj", "{DE59B69D-DBEE-422C-887A-445E305ECAB5}"
EndProject
Project("{FAE04EC0-301F-11D3-BF4B-00C04F79EFBC}") = "RoomManagerment.NotificationDBSpecific", "Modules\Notification\DAL\DatabaseSpecific\RoomManagerment.NotificationDBSpecific.csproj", "{A000517C-DE78-418F-8C7C-5230AF3449D3}"
EndProject
Project("{FAE04EC0-301F-11D3-BF4B-00C04F79EFBC}") = "Notification.API", "Modules\Notification\Notification.API\Notification.API.csproj", "{FA1F32C2-67C7-47ED-AFF2-3F29874AC19C}"
EndProject
Project("{FAE04EC0-301F-11D3-BF4B-00C04F79EFBC}") = "Notification.Application", "Modules\Notification\Notification.Application\Notification.Application.csproj", "{F6CC0CCA-030B-49A6-961F-5B54AF62BE71}"
EndProject
Project("{FAE04EC0-301F-11D3-BF4B-00C04F79EFBC}") = "Notification.Domain", "Modules\Notification\Notification.Domain\Notification.Domain.csproj", "{B4F7A432-D7C0-41FB-960C-D79E1883BC6C}"
EndProject
Project("{FAE04EC0-301F-11D3-BF4B-00C04F79EFBC}") = "Notification.Infrastructure", "Modules\Notification\Notification.Infrastructure\Notification.Infrastructure.csproj", "{2BC68135-0E25-4AF9-95AF-7A0F8FC13660}"
EndProject
Global
	GlobalSection(SolutionConfigurationPlatforms) = preSolution
		Debug|Any CPU = Debug|Any CPU
		Release|Any CPU = Release|Any CPU
	EndGlobalSection
	GlobalSection(NestedProjects) = preSolution
		{066CD5A6-209E-486A-8D11-A0B803799F6C} = {ACCA8164-265C-455D-BEBD-EB16A2C8FCE9}
		{04DAFC2A-C1C8-408D-BF14-98B5A9EE1ECD} = {ACCA8164-265C-455D-BEBD-EB16A2C8FCE9}
		{40EFEE87-C6D1-42C2-9994-D4C5466B7E07} = {066CD5A6-209E-486A-8D11-A0B803799F6C}
		{78D49ABA-48BB-4FE5-B426-CA9B0E88A63E} = {04DAFC2A-C1C8-408D-BF14-98B5A9EE1ECD}
		{FA92ACFD-924F-4158-A455-191C279EC506} = {78D49ABA-48BB-4FE5-B426-CA9B0E88A63E}
		{4F45E735-30F6-488D-9E6D-3CB36FD81981} = {78D49ABA-48BB-4FE5-B426-CA9B0E88A63E}
		{B3158811-4799-433E-A723-089385C1D5DC} = {78D49ABA-48BB-4FE5-B426-CA9B0E88A63E}
		{DD2504D1-318B-442D-B404-0C49D0860512} = {78D49ABA-48BB-4FE5-B426-CA9B0E88A63E}
		{29C832B5-954D-4466-9C90-3F6A70E720BF} = {78D49ABA-48BB-4FE5-B426-CA9B0E88A63E}
		{80914292-3A9B-4611-8D25-2A7C66C33D0B} = {066CD5A6-209E-486A-8D11-A0B803799F6C}
		{18D3E8AB-F000-4A90-8767-96C09B0BD23F} = {29C832B5-954D-4466-9C90-3F6A70E720BF}
		{C619EAA1-D3FC-4B8D-ABAC-8042F8456A5E} = {29C832B5-954D-4466-9C90-3F6A70E720BF}
		{0FD2E8D1-2BA0-448F-AAB8-04135D7B4A1C} = {04DAFC2A-C1C8-408D-BF14-98B5A9EE1ECD}
		{8737BC59-3093-48E4-85DD-256107FBB7BC} = {0FD2E8D1-2BA0-448F-AAB8-04135D7B4A1C}
		{DE59B69D-DBEE-422C-887A-445E305ECAB5} = {8737BC59-3093-48E4-85DD-256107FBB7BC}
		{A000517C-DE78-418F-8C7C-5230AF3449D3} = {8737BC59-3093-48E4-85DD-256107FBB7BC}
		{FA1F32C2-67C7-47ED-AFF2-3F29874AC19C} = {0FD2E8D1-2BA0-448F-AAB8-04135D7B4A1C}
		{F6CC0CCA-030B-49A6-961F-5B54AF62BE71} = {0FD2E8D1-2BA0-448F-AAB8-04135D7B4A1C}
		{B4F7A432-D7C0-41FB-960C-D79E1883BC6C} = {0FD2E8D1-2BA0-448F-AAB8-04135D7B4A1C}
		{2BC68135-0E25-4AF9-95AF-7A0F8FC13660} = {0FD2E8D1-2BA0-448F-AAB8-04135D7B4A1C}
	EndGlobalSection
	GlobalSection(ProjectConfigurationPlatforms) = postSolution
		{40EFEE87-C6D1-42C2-9994-D4C5466B7E07}.Debug|Any CPU.ActiveCfg = Debug|Any CPU
		{40EFEE87-C6D1-42C2-9994-D4C5466B7E07}.Debug|Any CPU.Build.0 = Debug|Any CPU
		{40EFEE87-C6D1-42C2-9994-D4C5466B7E07}.Release|Any CPU.ActiveCfg = Release|Any CPU
		{40EFEE87-C6D1-42C2-9994-D4C5466B7E07}.Release|Any CPU.Build.0 = Release|Any CPU
		{FA92ACFD-924F-4158-A455-191C279EC506}.Debug|Any CPU.ActiveCfg = Debug|Any CPU
		{FA92ACFD-924F-4158-A455-191C279EC506}.Debug|Any CPU.Build.0 = Debug|Any CPU
		{FA92ACFD-924F-4158-A455-191C279EC506}.Release|Any CPU.ActiveCfg = Release|Any CPU
		{FA92ACFD-924F-4158-A455-191C279EC506}.Release|Any CPU.Build.0 = Release|Any CPU
		{4F45E735-30F6-488D-9E6D-3CB36FD81981}.Debug|Any CPU.ActiveCfg = Debug|Any CPU
		{4F45E735-30F6-488D-9E6D-3CB36FD81981}.Debug|Any CPU.Build.0 = Debug|Any CPU
		{4F45E735-30F6-488D-9E6D-3CB36FD81981}.Release|Any CPU.ActiveCfg = Release|Any CPU
		{4F45E735-30F6-488D-9E6D-3CB36FD81981}.Release|Any CPU.Build.0 = Release|Any CPU
		{B3158811-4799-433E-A723-089385C1D5DC}.Debug|Any CPU.ActiveCfg = Debug|Any CPU
		{B3158811-4799-433E-A723-089385C1D5DC}.Debug|Any CPU.Build.0 = Debug|Any CPU
		{B3158811-4799-433E-A723-089385C1D5DC}.Release|Any CPU.ActiveCfg = Release|Any CPU
		{B3158811-4799-433E-A723-089385C1D5DC}.Release|Any CPU.Build.0 = Release|Any CPU
		{DD2504D1-318B-442D-B404-0C49D0860512}.Debug|Any CPU.ActiveCfg = Debug|Any CPU
		{DD2504D1-318B-442D-B404-0C49D0860512}.Debug|Any CPU.Build.0 = Debug|Any CPU
		{DD2504D1-318B-442D-B404-0C49D0860512}.Release|Any CPU.ActiveCfg = Release|Any CPU
		{DD2504D1-318B-442D-B404-0C49D0860512}.Release|Any CPU.Build.0 = Release|Any CPU
		{80914292-3A9B-4611-8D25-2A7C66C33D0B}.Debug|Any CPU.ActiveCfg = Debug|Any CPU
		{80914292-3A9B-4611-8D25-2A7C66C33D0B}.Debug|Any CPU.Build.0 = Debug|Any CPU
		{80914292-3A9B-4611-8D25-2A7C66C33D0B}.Release|Any CPU.ActiveCfg = Release|Any CPU
		{80914292-3A9B-4611-8D25-2A7C66C33D0B}.Release|Any CPU.Build.0 = Release|Any CPU
		{18D3E8AB-F000-4A90-8767-96C09B0BD23F}.Debug|Any CPU.ActiveCfg = Debug|Any CPU
		{18D3E8AB-F000-4A90-8767-96C09B0BD23F}.Debug|Any CPU.Build.0 = Debug|Any CPU
		{18D3E8AB-F000-4A90-8767-96C09B0BD23F}.Release|Any CPU.ActiveCfg = Release|Any CPU
		{18D3E8AB-F000-4A90-8767-96C09B0BD23F}.Release|Any CPU.Build.0 = Release|Any CPU
		{C619EAA1-D3FC-4B8D-ABAC-8042F8456A5E}.Debug|Any CPU.ActiveCfg = Debug|Any CPU
		{C619EAA1-D3FC-4B8D-ABAC-8042F8456A5E}.Debug|Any CPU.Build.0 = Debug|Any CPU
		{C619EAA1-D3FC-4B8D-ABAC-8042F8456A5E}.Release|Any CPU.ActiveCfg = Release|Any CPU
		{C619EAA1-D3FC-4B8D-ABAC-8042F8456A5E}.Release|Any CPU.Build.0 = Release|Any CPU
		{DE59B69D-DBEE-422C-887A-445E305ECAB5}.Debug|Any CPU.ActiveCfg = Debug|Any CPU
		{DE59B69D-DBEE-422C-887A-445E305ECAB5}.Debug|Any CPU.Build.0 = Debug|Any CPU
		{DE59B69D-DBEE-422C-887A-445E305ECAB5}.Release|Any CPU.ActiveCfg = Release|Any CPU
		{DE59B69D-DBEE-422C-887A-445E305ECAB5}.Release|Any CPU.Build.0 = Release|Any CPU
		{A000517C-DE78-418F-8C7C-5230AF3449D3}.Debug|Any CPU.ActiveCfg = Debug|Any CPU
		{A000517C-DE78-418F-8C7C-5230AF3449D3}.Debug|Any CPU.Build.0 = Debug|Any CPU
		{A000517C-DE78-418F-8C7C-5230AF3449D3}.Release|Any CPU.ActiveCfg = Release|Any CPU
		{A000517C-DE78-418F-8C7C-5230AF3449D3}.Release|Any CPU.Build.0 = Release|Any CPU
		{FA1F32C2-67C7-47ED-AFF2-3F29874AC19C}.Debug|Any CPU.ActiveCfg = Debug|Any CPU
		{FA1F32C2-67C7-47ED-AFF2-3F29874AC19C}.Debug|Any CPU.Build.0 = Debug|Any CPU
		{FA1F32C2-67C7-47ED-AFF2-3F29874AC19C}.Release|Any CPU.ActiveCfg = Release|Any CPU
		{FA1F32C2-67C7-47ED-AFF2-3F29874AC19C}.Release|Any CPU.Build.0 = Release|Any CPU
		{F6CC0CCA-030B-49A6-961F-5B54AF62BE71}.Debug|Any CPU.ActiveCfg = Debug|Any CPU
		{F6CC0CCA-030B-49A6-961F-5B54AF62BE71}.Debug|Any CPU.Build.0 = Debug|Any CPU
		{F6CC0CCA-030B-49A6-961F-5B54AF62BE71}.Release|Any CPU.ActiveCfg = Release|Any CPU
		{F6CC0CCA-030B-49A6-961F-5B54AF62BE71}.Release|Any CPU.Build.0 = Release|Any CPU
		{B4F7A432-D7C0-41FB-960C-D79E1883BC6C}.Debug|Any CPU.ActiveCfg = Debug|Any CPU
		{B4F7A432-D7C0-41FB-960C-D79E1883BC6C}.Debug|Any CPU.Build.0 = Debug|Any CPU
		{B4F7A432-D7C0-41FB-960C-D79E1883BC6C}.Release|Any CPU.ActiveCfg = Release|Any CPU
		{B4F7A432-D7C0-41FB-960C-D79E1883BC6C}.Release|Any CPU.Build.0 = Release|Any CPU
		{2BC68135-0E25-4AF9-95AF-7A0F8FC13660}.Debug|Any CPU.ActiveCfg = Debug|Any CPU
		{2BC68135-0E25-4AF9-95AF-7A0F8FC13660}.Debug|Any CPU.Build.0 = Debug|Any CPU
		{2BC68135-0E25-4AF9-95AF-7A0F8FC13660}.Release|Any CPU.ActiveCfg = Release|Any CPU
		{2BC68135-0E25-4AF9-95AF-7A0F8FC13660}.Release|Any CPU.Build.0 = Release|Any CPU
	EndGlobalSection
EndGlobal
