
Microsoft Visual Studio Solution File, Format Version 12.00
# 
Project("{2150E333-8FDC-42A3-9474-1A3956D46DE8}") = "src", "src", "{ACCA8164-265C-455D-BEBD-EB16A2C8FCE9}"
	ProjectSection(SolutionItems) = preProject
		compose.yaml = compose.yaml
	EndProjectSection
EndProject
Project("{2150E333-8FDC-42A3-9474-1A3956D46DE8}") = "Api", "Api", "{066CD5A6-209E-486A-8D11-A0B803799F6C}"
EndProject
Project("{2150E333-8FDC-42A3-9474-1A3956D46DE8}") = "Modules", "Modules", "{04DAFC2A-C1C8-408D-BF14-98B5A9EE1ECD}"
EndProject
Project("{2150E333-8FDC-42A3-9474-1A3956D46DE8}") = "env", "env", "{4186C556-585E-4B1D-91E3-D20F002BEF1F}"
	ProjectSection(SolutionItems) = preProject
		.env = .env
		.env.production = .env.production
		.env.local = .env.local
	EndProjectSection
EndProject
Project("{2150E333-8FDC-42A3-9474-1A3956D46DE8}") = "Notification", "Notification", "{0FD2E8D1-2BA0-448F-AAB8-04135D7B4A1C}"
EndProject
Project("{2150E333-8FDC-42A3-9474-1A3956D46DE8}") = "DAL", "DAL", "{8737BC59-3093-48E4-85DD-256107FBB7BC}"
EndProject
Project("{FAE04EC0-301F-11D3-BF4B-00C04F79EFBC}") = "RoomManagerment.Notification", "Modules\Notification\DAL\DatabaseGeneric\RoomManagerment.Notification.csproj", "{DE59B69D-DBEE-422C-887A-445E305ECAB5}"
EndProject
Project("{FAE04EC0-301F-11D3-BF4B-00C04F79EFBC}") = "RoomManagerment.NotificationDBSpecific", "Modules\Notification\DAL\DatabaseSpecific\RoomManagerment.NotificationDBSpecific.csproj", "{A000517C-DE78-418F-8C7C-5230AF3449D3}"
EndProject
Project("{FAE04EC0-301F-11D3-BF4B-00C04F79EFBC}") = "Notification.API", "Modules\Notification\Notification.API\Notification.API.csproj", "{FA1F32C2-67C7-47ED-AFF2-3F29874AC19C}"
EndProject
Project("{FAE04EC0-301F-11D3-BF4B-00C04F79EFBC}") = "Notification.Application", "Modules\Notification\Notification.Application\Notification.Application.csproj", "{F6CC0CCA-030B-49A6-961F-5B54AF62BE71}"
EndProject
Project("{FAE04EC0-301F-11D3-BF4B-00C04F79EFBC}") = "Notification.Domain", "Modules\Notification\Notification.Domain\Notification.Domain.csproj", "{B4F7A432-D7C0-41FB-960C-D79E1883BC6C}"
EndProject
Project("{FAE04EC0-301F-11D3-BF4B-00C04F79EFBC}") = "Notification.Infrastructure", "Modules\Notification\Notification.Infrastructure\Notification.Infrastructure.csproj", "{2BC68135-0E25-4AF9-95AF-7A0F8FC13660}"
EndProject
Project("{2150E333-8FDC-42A3-9474-1A3956D46DE8}") = "BuildingBlocks", "BuildingBlocks", "{ECB87A7A-2181-41F8-B957-C7D45421D985}"
EndProject
Project("{FAE04EC0-301F-11D3-BF4B-00C04F79EFBC}") = "RoomManagerment.Messaging", "BuildingBlocks\RoomManagerment.Messaging\RoomManagerment.Messaging.csproj", "{FEC45F0E-29C7-40F4-BE37-A3A2A90D38E9}"
EndProject
Project("{FAE04EC0-301F-11D3-BF4B-00C04F79EFBC}") = "RoomManagerment.ExternalApi", "Api\RoomManagerment.ExternalApi\RoomManagerment.ExternalApi.csproj", "{AB8DC1CA-9F48-4C48-BABB-5ADAE9A0B396}"
EndProject
Project("{FAE04EC0-301F-11D3-BF4B-00C04F79EFBC}") = "RoomManagerment.Gateway", "Api\RoomManagerment.Gateway\RoomManagerment.Gateway.csproj", "{7D47D5C8-FD6C-4927-9418-5842E0698B8B}"
EndProject
Project("{2150E333-8FDC-42A3-9474-1A3956D46DE8}") = "Tests", "Tests", "{0AB3BF05-4346-4AA6-1389-037BE0695223}"
EndProject
Project("{FAE04EC0-301F-11D3-BF4B-00C04F79EFBC}") = "Integration.Domain.Tests", "Tests\Integration.Domain.Tests\Integration.Domain.Tests.csproj", "{50ECECD8-8717-4DC2-8C7A-5E63BEA594BE}"
EndProject
Project("{FAE04EC0-301F-11D3-BF4B-00C04F79EFBC}") = "Notification.Domain.Tests", "Tests\Notification.Domain.Tests\Notification.Domain.Tests.csproj", "{7A083102-A7CF-4D1A-85B4-A5721B1F53ED}"
EndProject
Project("{FAE04EC0-301F-11D3-BF4B-00C04F79EFBC}") = "Dal.Model.Contracts.Tests", "Tests\Dal.Model.Contracts.Tests\Dal.Model.Contracts.Tests.csproj", "{9E2C1D04-BC47-4A81-9B69-2A95DFA864A1}"
EndProject
Project("{FAE04EC0-301F-11D3-BF4B-00C04F79EFBC}") = "Notification.Infrastructure.Tests", "Tests\Notification.Infrastructure.Tests\Notification.Infrastructure.Tests.csproj", "{5C1A2E5F-7D96-4A82-8F5F-4C9B2D7C0F7A}"
EndProject
Project("{2150E333-8FDC-42A3-9474-1A3956D46DE8}") = "Auth", "Auth", "{97A3228A-38BD-4125-93ED-474E64370AD3}"
EndProject
Project("{2150E333-8FDC-42A3-9474-1A3956D46DE8}") = "Lease", "Lease", "{47166ECE-CD4C-4A29-8708-6001D62708C2}"
EndProject
Project("{2150E333-8FDC-42A3-9474-1A3956D46DE8}") = "Organization", "Organization", "{41314D50-84A4-41B1-BDDA-65284834DAFC}"
EndProject
Project("{2150E333-8FDC-42A3-9474-1A3956D46DE8}") = "Finance", "Finance", "{EA293492-5AA9-4FD5-929D-F2FED33E9D0F}"
EndProject
Project("{2150E333-8FDC-42A3-9474-1A3956D46DE8}") = "CRM", "CRM", "{285074B9-04E3-4D2D-B45A-94A2D1DED547}"
EndProject
Project("{2150E333-8FDC-42A3-9474-1A3956D46DE8}") = "DAL", "DAL", "{F42D04F6-B479-4289-8400-F478697DE90B}"
EndProject
Project("{FAE04EC0-301F-11D3-BF4B-00C04F79EFBC}") = "RoomManagerment.Auth", "Modules\Auth\DAL\DatabaseGeneric\RoomManagerment.Auth.csproj", "{59E19A41-DE46-4967-98BB-49259BAB543C}"
EndProject
Project("{FAE04EC0-301F-11D3-BF4B-00C04F79EFBC}") = "RoomManagerment.AuthDBSpecific", "Modules\Auth\DAL\DatabaseSpecific\RoomManagerment.AuthDBSpecific.csproj", "{952B41AD-8E4E-438C-BD40-EC585DB5004F}"
EndProject
Project("{FAE04EC0-301F-11D3-BF4B-00C04F79EFBC}") = "RoomManagerment.CRM", "Modules\CRM\DAL\DatabaseGeneric\RoomManagerment.CRM.csproj", "{A2599AB3-A94B-45AF-889E-8AF8761D8300}"
EndProject
Project("{FAE04EC0-301F-11D3-BF4B-00C04F79EFBC}") = "RoomManagerment.CRMDBSpecific", "Modules\CRM\DAL\DatabaseSpecific\RoomManagerment.CRMDBSpecific.csproj", "{D645BB1B-C473-42D2-B36F-0659BA736200}"
EndProject
Project("{2150E333-8FDC-42A3-9474-1A3956D46DE8}") = "DAL", "DAL", "{B3A36F8A-FF98-4510-9DD3-F13513A66E73}"
EndProject
Project("{FAE04EC0-301F-11D3-BF4B-00C04F79EFBC}") = "RoomManagerment.Finance", "Modules\Finance\DAL\DatabaseGeneric\RoomManagerment.Finance.csproj", "{DFBFADE8-F825-4C7A-9298-0BE1860F907B}"
EndProject
Project("{FAE04EC0-301F-11D3-BF4B-00C04F79EFBC}") = "RoomManagerment.FinanceDBSpecific", "Modules\Finance\DAL\DatabaseSpecific\RoomManagerment.FinanceDBSpecific.csproj", "{F134921C-284C-4152-9D2A-45B777996F2F}"
EndProject
Project("{2150E333-8FDC-42A3-9474-1A3956D46DE8}") = "DAL", "DAL", "{B46B5AC5-F53D-4DF9-9398-9306B96F54FF}"
EndProject
Project("{FAE04EC0-301F-11D3-BF4B-00C04F79EFBC}") = "RoomManagerment.Lease", "Modules\Lease\DAL\DatabaseGeneric\RoomManagerment.Lease.csproj", "{B2D1B285-1D93-4C0F-B5A4-E013C7AF048A}"
EndProject
Project("{FAE04EC0-301F-11D3-BF4B-00C04F79EFBC}") = "RoomManagerment.LeaseDBSpecific", "Modules\Lease\DAL\DatabaseSpecific\RoomManagerment.LeaseDBSpecific.csproj", "{7919118A-2785-4609-8C17-8D7A3BD3C1A1}"
EndProject
Project("{2150E333-8FDC-42A3-9474-1A3956D46DE8}") = "DAL", "DAL", "{0CC2FE2C-718C-4A51-BA27-E740021AABD3}"
EndProject
Project("{FAE04EC0-301F-11D3-BF4B-00C04F79EFBC}") = "RoomManagerment.Organizations", "Modules\Organization\DAL\DatabaseGeneric\RoomManagerment.Organizations.csproj", "{FB650CB8-B2F7-4EB0-9A48-0338D990D147}"
EndProject
Project("{FAE04EC0-301F-11D3-BF4B-00C04F79EFBC}") = "RoomManagerment.OrganizationsDBSpecific", "Modules\Organization\DAL\DatabaseSpecific\RoomManagerment.OrganizationsDBSpecific.csproj", "{AB46F0D7-4C50-4F94-9EDD-7B8B7448DE0F}"
EndProject
Project("{2150E333-8FDC-42A3-9474-1A3956D46DE8}") = "Property", "Property", "{A651C8E9-5EAD-4D25-A119-247403B85F77}"
EndProject
Project("{2150E333-8FDC-42A3-9474-1A3956D46DE8}") = "DAL", "DAL", "{8913D68E-3724-4178-937D-B302E1B96EE7}"
EndProject
Project("{FAE04EC0-301F-11D3-BF4B-00C04F79EFBC}") = "RoomManagerment.Property", "Modules\Property\DAL\DatabaseGeneric\RoomManagerment.Property.csproj", "{1C05EDB0-EB9F-4930-B885-B44CA03C2E96}"
EndProject
Project("{FAE04EC0-301F-11D3-BF4B-00C04F79EFBC}") = "RoomManagerment.PropertyDBSpecific", "Modules\Property\DAL\DatabaseSpecific\RoomManagerment.PropertyDBSpecific.csproj", "{7797D89F-D34A-4CCC-8021-ADC879A85446}"
EndProject
Project("{FAE04EC0-301F-11D3-BF4B-00C04F79EFBC}") = "Auth.Domain.Tests", "Tests\Auth.Domain.Tests\Auth.Domain.Tests.csproj", "{E6F12B76-3DE5-4933-A9A9-C1C53A32660C}"
EndProject
Project("{FAE04EC0-301F-11D3-BF4B-00C04F79EFBC}") = "CRM.Domain.Tests", "Tests\CRM.Domain.Tests\CRM.Domain.Tests.csproj", "{993BA936-9D7E-452F-8ED1-0E15E3FDB730}"
EndProject
Project("{FAE04EC0-301F-11D3-BF4B-00C04F79EFBC}") = "Finance.Domain.Tests", "Tests\Finance.Domain.Tests\Finance.Domain.Tests.csproj", "{E7FE7864-79C2-42B4-97A5-928E619975EA}"
EndProject
Project("{FAE04EC0-301F-11D3-BF4B-00C04F79EFBC}") = "Lease.Domain.Tests", "Tests\Lease.Domain.Tests\Lease.Domain.Tests.csproj", "{F95C3A46-B79E-4553-B65A-7DA487899D72}"
EndProject
Project("{FAE04EC0-301F-11D3-BF4B-00C04F79EFBC}") = "Organization.Domain.Tests", "Tests\Organization.Domain.Tests\Organization.Domain.Tests.csproj", "{DF6D7448-7388-4DD8-A6A8-FA0D0BFA0698}"
EndProject
Project("{FAE04EC0-301F-11D3-BF4B-00C04F79EFBC}") = "Property.Domain.Tests", "Tests\Property.Domain.Tests\Property.Domain.Tests.csproj", "{0F78FF70-A805-4E7A-9AF6-002EF9B4C211}"
EndProject
Project("{FAE04EC0-301F-11D3-BF4B-00C04F79EFBC}") = "Auth.Application", "Modules\Auth\Auth.Application\Auth.Application.csproj", "{2C8D436F-3B20-4641-A649-AE1DC57B7FF0}"
EndProject
Project("{FAE04EC0-301F-11D3-BF4B-00C04F79EFBC}") = "Auth.Domain", "Modules\Auth\Auth.Domain\Auth.Domain.csproj", "{2E4946B2-E3B6-449D-BABA-D08BDEBE1D83}"
EndProject
Project("{FAE04EC0-301F-11D3-BF4B-00C04F79EFBC}") = "Auth.Infrastructure", "Modules\Auth\Auth.Infrastructure\Auth.Infrastructure.csproj", "{059CFC3F-8B6A-42E6-A80D-8B3EE5298C8C}"
EndProject
Project("{FAE04EC0-301F-11D3-BF4B-00C04F79EFBC}") = "Auth.API.Tests", "Tests\Auth.API.Tests\Auth.API.Tests.csproj", "{C9D6CCC7-A6F7-4FA5-9B22-8A1BA5E9A535}"
EndProject
Project("{FAE04EC0-301F-11D3-BF4B-00C04F79EFBC}") = "Auth.API", "Modules\Auth\Auth.API\Auth.API.csproj", "{6026C6CC-71F9-4BFD-95EE-E55DA74FE841}"
EndProject
Project("{2150E333-8FDC-42A3-9474-1A3956D46DE8}") = "Modules", "Modules", "{F13E58A0-2A60-40A8-A032-EA816129C997}"
EndProject
Project("{2150E333-8FDC-42A3-9474-1A3956D46DE8}") = "CRM", "CRM", "{A9DFA097-FB08-4B75-82D8-83710499DEE2}"
EndProject
Project("{FAE04EC0-301F-11D3-BF4B-00C04F79EFBC}") = "CRM.Application", "Modules\CRM\CRM.Application\CRM.Application.csproj", "{B2BE8332-5A1B-496B-819C-6A354B81A77B}"
EndProject
Project("{FAE04EC0-301F-11D3-BF4B-00C04F79EFBC}") = "CRM.Domain", "Modules\CRM\CRM.Domain\CRM.Domain.csproj", "{CEE4284D-0755-4B79-8A38-DAD2B04F495D}"
EndProject
Project("{FAE04EC0-301F-11D3-BF4B-00C04F79EFBC}") = "CRM.Infrastructure", "Modules\CRM\CRM.Infrastructure\CRM.Infrastructure.csproj", "{9793C24D-FD09-43E7-B026-11EE730A7CF7}"
EndProject
Project("{FAE04EC0-301F-11D3-BF4B-00C04F79EFBC}") = "CRM.API", "Modules\CRM\CRM.API\CRM.API.csproj", "{FCC5B27E-8E95-4812-A6DC-F5EE85E085CF}"
EndProject
Project("{FAE04EC0-301F-11D3-BF4B-00C04F79EFBC}") = "CRM.API.Tests", "Tests\CRM.API.Tests\CRM.API.Tests.csproj", "{75CE214B-DC44-4BB0-BD31-28DA792DA0CE}"
EndProject
Project("{FAE04EC0-301F-11D3-BF4B-00C04F79EFBC}") = "Finance.Application", "Modules\Finance\Finance.Application\Finance.Application.csproj", "{8B6E2CBA-8D1E-45B5-A7AB-681237190B3A}"
EndProject
Project("{FAE04EC0-301F-11D3-BF4B-00C04F79EFBC}") = "Finance.Domain", "Modules\Finance\Finance.Domain\Finance.Domain.csproj", "{B2D30D5D-FA0E-4B48-A88D-9863DC051593}"
EndProject
Project("{FAE04EC0-301F-11D3-BF4B-00C04F79EFBC}") = "Finance.Infrastructure", "Modules\Finance\Finance.Infrastructure\Finance.Infrastructure.csproj", "{9E782E86-7937-4AD2-ACEF-9D2958B93083}"
EndProject
Project("{2150E333-8FDC-42A3-9474-1A3956D46DE8}") = "DAL", "DAL", "{74C5FE56-87E3-4F1E-828D-86206026EF46}"
EndProject
Project("{2150E333-8FDC-42A3-9474-1A3956D46DE8}") = "Finance", "Finance", "{F92DB691-4EF6-497F-902E-FD3F67AEB3F4}"
EndProject
Project("{FAE04EC0-301F-11D3-BF4B-00C04F79EFBC}") = "Finance.API", "Modules\Finance\Finance.API\Finance.API.csproj", "{761C2B3D-158A-4F7E-A27D-89AF1A6C060F}"
EndProject
Project("{FAE04EC0-301F-11D3-BF4B-00C04F79EFBC}") = "Finance.API", "Modules\Finance\Finance.API\Finance.API.csproj", "{3BA00726-0FC4-41F3-B28C-36364C8A4FDD}"
EndProject
Project("{2150E333-8FDC-42A3-9474-1A3956D46DE8}") = "Property", "Property", "{8B66DD17-B8EA-4698-A8A6-8DF1D9204B9B}"
EndProject
Project("{FAE04EC0-301F-11D3-BF4B-00C04F79EFBC}") = "Property.Domain", "Modules\Property\Property.Domain\Property.Domain.csproj", "{EC924B73-7E3B-4A79-843E-2F2316950312}"
EndProject
Project("{FAE04EC0-301F-11D3-BF4B-00C04F79EFBC}") = "Property.Application", "Modules\Property\Property.Application\Property.Application.csproj", "{BE9BA73B-3BCC-4F43-9C38-0307A64BE02F}"
EndProject
Project("{FAE04EC0-301F-11D3-BF4B-00C04F79EFBC}") = "Property.Infrastructure", "Modules\Property\Property.Infrastructure\Property.Infrastructure.csproj", "{424EDCD4-3240-4AF8-936D-159199983776}"
EndProject
Project("{FAE04EC0-301F-11D3-BF4B-00C04F79EFBC}") = "Property.API", "Modules\Property\Property.API\Property.API.csproj", "{31C3E3E6-66F4-4D20-AB53-79F68253A459}"
EndProject
Global
	GlobalSection(SolutionConfigurationPlatforms) = preSolution
		Debug|Any CPU = Debug|Any CPU
		Debug|x64 = Debug|x64
		Debug|x86 = Debug|x86
		Release|Any CPU = Release|Any CPU
		Release|x64 = Release|x64
		Release|x86 = Release|x86
	EndGlobalSection
	GlobalSection(ProjectConfigurationPlatforms) = postSolution
		{DE59B69D-DBEE-422C-887A-445E305ECAB5}.Debug|Any CPU.ActiveCfg = Debug|Any CPU
		{DE59B69D-DBEE-422C-887A-445E305ECAB5}.Debug|Any CPU.Build.0 = Debug|Any CPU
		{DE59B69D-DBEE-422C-887A-445E305ECAB5}.Debug|x64.ActiveCfg = Debug|Any CPU
		{DE59B69D-DBEE-422C-887A-445E305ECAB5}.Debug|x64.Build.0 = Debug|Any CPU
		{DE59B69D-DBEE-422C-887A-445E305ECAB5}.Debug|x86.ActiveCfg = Debug|Any CPU
		{DE59B69D-DBEE-422C-887A-445E305ECAB5}.Debug|x86.Build.0 = Debug|Any CPU
		{DE59B69D-DBEE-422C-887A-445E305ECAB5}.Release|Any CPU.ActiveCfg = Release|Any CPU
		{DE59B69D-DBEE-422C-887A-445E305ECAB5}.Release|Any CPU.Build.0 = Release|Any CPU
		{DE59B69D-DBEE-422C-887A-445E305ECAB5}.Release|x64.ActiveCfg = Release|Any CPU
		{DE59B69D-DBEE-422C-887A-445E305ECAB5}.Release|x64.Build.0 = Release|Any CPU
		{DE59B69D-DBEE-422C-887A-445E305ECAB5}.Release|x86.ActiveCfg = Release|Any CPU
		{DE59B69D-DBEE-422C-887A-445E305ECAB5}.Release|x86.Build.0 = Release|Any CPU
		{A000517C-DE78-418F-8C7C-5230AF3449D3}.Debug|Any CPU.ActiveCfg = Debug|Any CPU
		{A000517C-DE78-418F-8C7C-5230AF3449D3}.Debug|Any CPU.Build.0 = Debug|Any CPU
		{A000517C-DE78-418F-8C7C-5230AF3449D3}.Debug|x64.ActiveCfg = Debug|Any CPU
		{A000517C-DE78-418F-8C7C-5230AF3449D3}.Debug|x64.Build.0 = Debug|Any CPU
		{A000517C-DE78-418F-8C7C-5230AF3449D3}.Debug|x86.ActiveCfg = Debug|Any CPU
		{A000517C-DE78-418F-8C7C-5230AF3449D3}.Debug|x86.Build.0 = Debug|Any CPU
		{A000517C-DE78-418F-8C7C-5230AF3449D3}.Release|Any CPU.ActiveCfg = Release|Any CPU
		{A000517C-DE78-418F-8C7C-5230AF3449D3}.Release|Any CPU.Build.0 = Release|Any CPU
		{A000517C-DE78-418F-8C7C-5230AF3449D3}.Release|x64.ActiveCfg = Release|Any CPU
		{A000517C-DE78-418F-8C7C-5230AF3449D3}.Release|x64.Build.0 = Release|Any CPU
		{A000517C-DE78-418F-8C7C-5230AF3449D3}.Release|x86.ActiveCfg = Release|Any CPU
		{A000517C-DE78-418F-8C7C-5230AF3449D3}.Release|x86.Build.0 = Release|Any CPU
		{FA1F32C2-67C7-47ED-AFF2-3F29874AC19C}.Debug|Any CPU.ActiveCfg = Debug|Any CPU
		{FA1F32C2-67C7-47ED-AFF2-3F29874AC19C}.Debug|Any CPU.Build.0 = Debug|Any CPU
		{FA1F32C2-67C7-47ED-AFF2-3F29874AC19C}.Debug|x64.ActiveCfg = Debug|Any CPU
		{FA1F32C2-67C7-47ED-AFF2-3F29874AC19C}.Debug|x64.Build.0 = Debug|Any CPU
		{FA1F32C2-67C7-47ED-AFF2-3F29874AC19C}.Debug|x86.ActiveCfg = Debug|Any CPU
		{FA1F32C2-67C7-47ED-AFF2-3F29874AC19C}.Debug|x86.Build.0 = Debug|Any CPU
		{FA1F32C2-67C7-47ED-AFF2-3F29874AC19C}.Release|Any CPU.ActiveCfg = Release|Any CPU
		{FA1F32C2-67C7-47ED-AFF2-3F29874AC19C}.Release|Any CPU.Build.0 = Release|Any CPU
		{FA1F32C2-67C7-47ED-AFF2-3F29874AC19C}.Release|x64.ActiveCfg = Release|Any CPU
		{FA1F32C2-67C7-47ED-AFF2-3F29874AC19C}.Release|x64.Build.0 = Release|Any CPU
		{FA1F32C2-67C7-47ED-AFF2-3F29874AC19C}.Release|x86.ActiveCfg = Release|Any CPU
		{FA1F32C2-67C7-47ED-AFF2-3F29874AC19C}.Release|x86.Build.0 = Release|Any CPU
		{F6CC0CCA-030B-49A6-961F-5B54AF62BE71}.Debug|Any CPU.ActiveCfg = Debug|Any CPU
		{F6CC0CCA-030B-49A6-961F-5B54AF62BE71}.Debug|Any CPU.Build.0 = Debug|Any CPU
		{F6CC0CCA-030B-49A6-961F-5B54AF62BE71}.Debug|x64.ActiveCfg = Debug|Any CPU
		{F6CC0CCA-030B-49A6-961F-5B54AF62BE71}.Debug|x64.Build.0 = Debug|Any CPU
		{F6CC0CCA-030B-49A6-961F-5B54AF62BE71}.Debug|x86.ActiveCfg = Debug|Any CPU
		{F6CC0CCA-030B-49A6-961F-5B54AF62BE71}.Debug|x86.Build.0 = Debug|Any CPU
		{F6CC0CCA-030B-49A6-961F-5B54AF62BE71}.Release|Any CPU.ActiveCfg = Release|Any CPU
		{F6CC0CCA-030B-49A6-961F-5B54AF62BE71}.Release|Any CPU.Build.0 = Release|Any CPU
		{F6CC0CCA-030B-49A6-961F-5B54AF62BE71}.Release|x64.ActiveCfg = Release|Any CPU
		{F6CC0CCA-030B-49A6-961F-5B54AF62BE71}.Release|x64.Build.0 = Release|Any CPU
		{F6CC0CCA-030B-49A6-961F-5B54AF62BE71}.Release|x86.ActiveCfg = Release|Any CPU
		{F6CC0CCA-030B-49A6-961F-5B54AF62BE71}.Release|x86.Build.0 = Release|Any CPU
		{B4F7A432-D7C0-41FB-960C-D79E1883BC6C}.Debug|Any CPU.ActiveCfg = Debug|Any CPU
		{B4F7A432-D7C0-41FB-960C-D79E1883BC6C}.Debug|Any CPU.Build.0 = Debug|Any CPU
		{B4F7A432-D7C0-41FB-960C-D79E1883BC6C}.Debug|x64.ActiveCfg = Debug|Any CPU
		{B4F7A432-D7C0-41FB-960C-D79E1883BC6C}.Debug|x64.Build.0 = Debug|Any CPU
		{B4F7A432-D7C0-41FB-960C-D79E1883BC6C}.Debug|x86.ActiveCfg = Debug|Any CPU
		{B4F7A432-D7C0-41FB-960C-D79E1883BC6C}.Debug|x86.Build.0 = Debug|Any CPU
		{B4F7A432-D7C0-41FB-960C-D79E1883BC6C}.Release|Any CPU.ActiveCfg = Release|Any CPU
		{B4F7A432-D7C0-41FB-960C-D79E1883BC6C}.Release|Any CPU.Build.0 = Release|Any CPU
		{B4F7A432-D7C0-41FB-960C-D79E1883BC6C}.Release|x64.ActiveCfg = Release|Any CPU
		{B4F7A432-D7C0-41FB-960C-D79E1883BC6C}.Release|x64.Build.0 = Release|Any CPU
		{B4F7A432-D7C0-41FB-960C-D79E1883BC6C}.Release|x86.ActiveCfg = Release|Any CPU
		{B4F7A432-D7C0-41FB-960C-D79E1883BC6C}.Release|x86.Build.0 = Release|Any CPU
		{2BC68135-0E25-4AF9-95AF-7A0F8FC13660}.Debug|Any CPU.ActiveCfg = Debug|Any CPU
		{2BC68135-0E25-4AF9-95AF-7A0F8FC13660}.Debug|Any CPU.Build.0 = Debug|Any CPU
		{2BC68135-0E25-4AF9-95AF-7A0F8FC13660}.Debug|x64.ActiveCfg = Debug|Any CPU
		{2BC68135-0E25-4AF9-95AF-7A0F8FC13660}.Debug|x64.Build.0 = Debug|Any CPU
		{2BC68135-0E25-4AF9-95AF-7A0F8FC13660}.Debug|x86.ActiveCfg = Debug|Any CPU
		{2BC68135-0E25-4AF9-95AF-7A0F8FC13660}.Debug|x86.Build.0 = Debug|Any CPU
		{2BC68135-0E25-4AF9-95AF-7A0F8FC13660}.Release|Any CPU.ActiveCfg = Release|Any CPU
		{2BC68135-0E25-4AF9-95AF-7A0F8FC13660}.Release|Any CPU.Build.0 = Release|Any CPU
		{2BC68135-0E25-4AF9-95AF-7A0F8FC13660}.Release|x64.ActiveCfg = Release|Any CPU
		{2BC68135-0E25-4AF9-95AF-7A0F8FC13660}.Release|x64.Build.0 = Release|Any CPU
		{2BC68135-0E25-4AF9-95AF-7A0F8FC13660}.Release|x86.ActiveCfg = Release|Any CPU
		{2BC68135-0E25-4AF9-95AF-7A0F8FC13660}.Release|x86.Build.0 = Release|Any CPU
		{FEC45F0E-29C7-40F4-BE37-A3A2A90D38E9}.Debug|Any CPU.ActiveCfg = Debug|Any CPU
		{FEC45F0E-29C7-40F4-BE37-A3A2A90D38E9}.Debug|Any CPU.Build.0 = Debug|Any CPU
		{FEC45F0E-29C7-40F4-BE37-A3A2A90D38E9}.Debug|x64.ActiveCfg = Debug|Any CPU
		{FEC45F0E-29C7-40F4-BE37-A3A2A90D38E9}.Debug|x64.Build.0 = Debug|Any CPU
		{FEC45F0E-29C7-40F4-BE37-A3A2A90D38E9}.Debug|x86.ActiveCfg = Debug|Any CPU
		{FEC45F0E-29C7-40F4-BE37-A3A2A90D38E9}.Debug|x86.Build.0 = Debug|Any CPU
		{FEC45F0E-29C7-40F4-BE37-A3A2A90D38E9}.Release|Any CPU.ActiveCfg = Release|Any CPU
		{FEC45F0E-29C7-40F4-BE37-A3A2A90D38E9}.Release|Any CPU.Build.0 = Release|Any CPU
		{FEC45F0E-29C7-40F4-BE37-A3A2A90D38E9}.Release|x64.ActiveCfg = Release|Any CPU
		{FEC45F0E-29C7-40F4-BE37-A3A2A90D38E9}.Release|x64.Build.0 = Release|Any CPU
		{FEC45F0E-29C7-40F4-BE37-A3A2A90D38E9}.Release|x86.ActiveCfg = Release|Any CPU
		{FEC45F0E-29C7-40F4-BE37-A3A2A90D38E9}.Release|x86.Build.0 = Release|Any CPU
		{AB8DC1CA-9F48-4C48-BABB-5ADAE9A0B396}.Debug|Any CPU.ActiveCfg = Debug|Any CPU
		{AB8DC1CA-9F48-4C48-BABB-5ADAE9A0B396}.Debug|Any CPU.Build.0 = Debug|Any CPU
		{AB8DC1CA-9F48-4C48-BABB-5ADAE9A0B396}.Debug|x64.ActiveCfg = Debug|Any CPU
		{AB8DC1CA-9F48-4C48-BABB-5ADAE9A0B396}.Debug|x64.Build.0 = Debug|Any CPU
		{AB8DC1CA-9F48-4C48-BABB-5ADAE9A0B396}.Debug|x86.ActiveCfg = Debug|Any CPU
		{AB8DC1CA-9F48-4C48-BABB-5ADAE9A0B396}.Debug|x86.Build.0 = Debug|Any CPU
		{AB8DC1CA-9F48-4C48-BABB-5ADAE9A0B396}.Release|Any CPU.ActiveCfg = Release|Any CPU
		{AB8DC1CA-9F48-4C48-BABB-5ADAE9A0B396}.Release|Any CPU.Build.0 = Release|Any CPU
		{AB8DC1CA-9F48-4C48-BABB-5ADAE9A0B396}.Release|x64.ActiveCfg = Release|Any CPU
		{AB8DC1CA-9F48-4C48-BABB-5ADAE9A0B396}.Release|x64.Build.0 = Release|Any CPU
		{AB8DC1CA-9F48-4C48-BABB-5ADAE9A0B396}.Release|x86.ActiveCfg = Release|Any CPU
		{AB8DC1CA-9F48-4C48-BABB-5ADAE9A0B396}.Release|x86.Build.0 = Release|Any CPU
		{7D47D5C8-FD6C-4927-9418-5842E0698B8B}.Debug|Any CPU.ActiveCfg = Debug|Any CPU
		{7D47D5C8-FD6C-4927-9418-5842E0698B8B}.Debug|Any CPU.Build.0 = Debug|Any CPU
		{7D47D5C8-FD6C-4927-9418-5842E0698B8B}.Debug|x64.ActiveCfg = Debug|Any CPU
		{7D47D5C8-FD6C-4927-9418-5842E0698B8B}.Debug|x64.Build.0 = Debug|Any CPU
		{7D47D5C8-FD6C-4927-9418-5842E0698B8B}.Debug|x86.ActiveCfg = Debug|Any CPU
		{7D47D5C8-FD6C-4927-9418-5842E0698B8B}.Debug|x86.Build.0 = Debug|Any CPU
		{7D47D5C8-FD6C-4927-9418-5842E0698B8B}.Release|Any CPU.ActiveCfg = Release|Any CPU
		{7D47D5C8-FD6C-4927-9418-5842E0698B8B}.Release|Any CPU.Build.0 = Release|Any CPU
		{7D47D5C8-FD6C-4927-9418-5842E0698B8B}.Release|x64.ActiveCfg = Release|Any CPU
		{7D47D5C8-FD6C-4927-9418-5842E0698B8B}.Release|x64.Build.0 = Release|Any CPU
		{7D47D5C8-FD6C-4927-9418-5842E0698B8B}.Release|x86.ActiveCfg = Release|Any CPU
		{7D47D5C8-FD6C-4927-9418-5842E0698B8B}.Release|x86.Build.0 = Release|Any CPU
		{50ECECD8-8717-4DC2-8C7A-5E63BEA594BE}.Debug|Any CPU.ActiveCfg = Debug|Any CPU
		{50ECECD8-8717-4DC2-8C7A-5E63BEA594BE}.Debug|Any CPU.Build.0 = Debug|Any CPU
		{50ECECD8-8717-4DC2-8C7A-5E63BEA594BE}.Debug|x64.ActiveCfg = Debug|Any CPU
		{50ECECD8-8717-4DC2-8C7A-5E63BEA594BE}.Debug|x64.Build.0 = Debug|Any CPU
		{50ECECD8-8717-4DC2-8C7A-5E63BEA594BE}.Debug|x86.ActiveCfg = Debug|Any CPU
		{50ECECD8-8717-4DC2-8C7A-5E63BEA594BE}.Debug|x86.Build.0 = Debug|Any CPU
		{50ECECD8-8717-4DC2-8C7A-5E63BEA594BE}.Release|Any CPU.ActiveCfg = Release|Any CPU
		{50ECECD8-8717-4DC2-8C7A-5E63BEA594BE}.Release|Any CPU.Build.0 = Release|Any CPU
		{50ECECD8-8717-4DC2-8C7A-5E63BEA594BE}.Release|x64.ActiveCfg = Release|Any CPU
		{50ECECD8-8717-4DC2-8C7A-5E63BEA594BE}.Release|x64.Build.0 = Release|Any CPU
		{50ECECD8-8717-4DC2-8C7A-5E63BEA594BE}.Release|x86.ActiveCfg = Release|Any CPU
		{50ECECD8-8717-4DC2-8C7A-5E63BEA594BE}.Release|x86.Build.0 = Release|Any CPU
		{7A083102-A7CF-4D1A-85B4-A5721B1F53ED}.Debug|Any CPU.ActiveCfg = Debug|Any CPU
		{7A083102-A7CF-4D1A-85B4-A5721B1F53ED}.Debug|Any CPU.Build.0 = Debug|Any CPU
		{7A083102-A7CF-4D1A-85B4-A5721B1F53ED}.Debug|x64.ActiveCfg = Debug|Any CPU
		{7A083102-A7CF-4D1A-85B4-A5721B1F53ED}.Debug|x64.Build.0 = Debug|Any CPU
		{7A083102-A7CF-4D1A-85B4-A5721B1F53ED}.Debug|x86.ActiveCfg = Debug|Any CPU
		{7A083102-A7CF-4D1A-85B4-A5721B1F53ED}.Debug|x86.Build.0 = Debug|Any CPU
		{7A083102-A7CF-4D1A-85B4-A5721B1F53ED}.Release|Any CPU.ActiveCfg = Release|Any CPU
		{7A083102-A7CF-4D1A-85B4-A5721B1F53ED}.Release|Any CPU.Build.0 = Release|Any CPU
		{7A083102-A7CF-4D1A-85B4-A5721B1F53ED}.Release|x64.ActiveCfg = Release|Any CPU
		{7A083102-A7CF-4D1A-85B4-A5721B1F53ED}.Release|x64.Build.0 = Release|Any CPU
		{7A083102-A7CF-4D1A-85B4-A5721B1F53ED}.Release|x86.ActiveCfg = Release|Any CPU
		{7A083102-A7CF-4D1A-85B4-A5721B1F53ED}.Release|x86.Build.0 = Release|Any CPU
		{9E2C1D04-BC47-4A81-9B69-2A95DFA864A1}.Debug|Any CPU.ActiveCfg = Debug|Any CPU
		{9E2C1D04-BC47-4A81-9B69-2A95DFA864A1}.Debug|Any CPU.Build.0 = Debug|Any CPU
		{9E2C1D04-BC47-4A81-9B69-2A95DFA864A1}.Debug|x64.ActiveCfg = Debug|Any CPU
		{9E2C1D04-BC47-4A81-9B69-2A95DFA864A1}.Debug|x64.Build.0 = Debug|Any CPU
		{9E2C1D04-BC47-4A81-9B69-2A95DFA864A1}.Debug|x86.ActiveCfg = Debug|Any CPU
		{9E2C1D04-BC47-4A81-9B69-2A95DFA864A1}.Debug|x86.Build.0 = Debug|Any CPU
		{9E2C1D04-BC47-4A81-9B69-2A95DFA864A1}.Release|Any CPU.ActiveCfg = Release|Any CPU
		{9E2C1D04-BC47-4A81-9B69-2A95DFA864A1}.Release|Any CPU.Build.0 = Release|Any CPU
		{9E2C1D04-BC47-4A81-9B69-2A95DFA864A1}.Release|x64.ActiveCfg = Release|Any CPU
		{9E2C1D04-BC47-4A81-9B69-2A95DFA864A1}.Release|x64.Build.0 = Release|Any CPU
		{9E2C1D04-BC47-4A81-9B69-2A95DFA864A1}.Release|x86.ActiveCfg = Release|Any CPU
		{9E2C1D04-BC47-4A81-9B69-2A95DFA864A1}.Release|x86.Build.0 = Release|Any CPU
		{5C1A2E5F-7D96-4A82-8F5F-4C9B2D7C0F7A}.Debug|Any CPU.ActiveCfg = Debug|Any CPU
		{5C1A2E5F-7D96-4A82-8F5F-4C9B2D7C0F7A}.Debug|Any CPU.Build.0 = Debug|Any CPU
		{5C1A2E5F-7D96-4A82-8F5F-4C9B2D7C0F7A}.Debug|x64.ActiveCfg = Debug|Any CPU
		{5C1A2E5F-7D96-4A82-8F5F-4C9B2D7C0F7A}.Debug|x64.Build.0 = Debug|Any CPU
		{5C1A2E5F-7D96-4A82-8F5F-4C9B2D7C0F7A}.Debug|x86.ActiveCfg = Debug|Any CPU
		{5C1A2E5F-7D96-4A82-8F5F-4C9B2D7C0F7A}.Debug|x86.Build.0 = Debug|Any CPU
		{5C1A2E5F-7D96-4A82-8F5F-4C9B2D7C0F7A}.Release|Any CPU.ActiveCfg = Release|Any CPU
		{5C1A2E5F-7D96-4A82-8F5F-4C9B2D7C0F7A}.Release|Any CPU.Build.0 = Release|Any CPU
		{5C1A2E5F-7D96-4A82-8F5F-4C9B2D7C0F7A}.Release|x64.ActiveCfg = Release|Any CPU
		{5C1A2E5F-7D96-4A82-8F5F-4C9B2D7C0F7A}.Release|x64.Build.0 = Release|Any CPU
		{5C1A2E5F-7D96-4A82-8F5F-4C9B2D7C0F7A}.Release|x86.ActiveCfg = Release|Any CPU
		{5C1A2E5F-7D96-4A82-8F5F-4C9B2D7C0F7A}.Release|x86.Build.0 = Release|Any CPU
		{59E19A41-DE46-4967-98BB-49259BAB543C}.Debug|Any CPU.ActiveCfg = Debug|Any CPU
		{59E19A41-DE46-4967-98BB-49259BAB543C}.Debug|Any CPU.Build.0 = Debug|Any CPU
		{59E19A41-DE46-4967-98BB-49259BAB543C}.Debug|x64.ActiveCfg = Debug|Any CPU
		{59E19A41-DE46-4967-98BB-49259BAB543C}.Debug|x64.Build.0 = Debug|Any CPU
		{59E19A41-DE46-4967-98BB-49259BAB543C}.Debug|x86.ActiveCfg = Debug|Any CPU
		{59E19A41-DE46-4967-98BB-49259BAB543C}.Debug|x86.Build.0 = Debug|Any CPU
		{59E19A41-DE46-4967-98BB-49259BAB543C}.Release|Any CPU.ActiveCfg = Release|Any CPU
		{59E19A41-DE46-4967-98BB-49259BAB543C}.Release|Any CPU.Build.0 = Release|Any CPU
		{59E19A41-DE46-4967-98BB-49259BAB543C}.Release|x64.ActiveCfg = Release|Any CPU
		{59E19A41-DE46-4967-98BB-49259BAB543C}.Release|x64.Build.0 = Release|Any CPU
		{59E19A41-DE46-4967-98BB-49259BAB543C}.Release|x86.ActiveCfg = Release|Any CPU
		{59E19A41-DE46-4967-98BB-49259BAB543C}.Release|x86.Build.0 = Release|Any CPU
		{952B41AD-8E4E-438C-BD40-EC585DB5004F}.Debug|Any CPU.ActiveCfg = Debug|Any CPU
		{952B41AD-8E4E-438C-BD40-EC585DB5004F}.Debug|Any CPU.Build.0 = Debug|Any CPU
		{952B41AD-8E4E-438C-BD40-EC585DB5004F}.Debug|x64.ActiveCfg = Debug|Any CPU
		{952B41AD-8E4E-438C-BD40-EC585DB5004F}.Debug|x64.Build.0 = Debug|Any CPU
		{952B41AD-8E4E-438C-BD40-EC585DB5004F}.Debug|x86.ActiveCfg = Debug|Any CPU
		{952B41AD-8E4E-438C-BD40-EC585DB5004F}.Debug|x86.Build.0 = Debug|Any CPU
		{952B41AD-8E4E-438C-BD40-EC585DB5004F}.Release|Any CPU.ActiveCfg = Release|Any CPU
		{952B41AD-8E4E-438C-BD40-EC585DB5004F}.Release|Any CPU.Build.0 = Release|Any CPU
		{952B41AD-8E4E-438C-BD40-EC585DB5004F}.Release|x64.ActiveCfg = Release|Any CPU
		{952B41AD-8E4E-438C-BD40-EC585DB5004F}.Release|x64.Build.0 = Release|Any CPU
		{952B41AD-8E4E-438C-BD40-EC585DB5004F}.Release|x86.ActiveCfg = Release|Any CPU
		{952B41AD-8E4E-438C-BD40-EC585DB5004F}.Release|x86.Build.0 = Release|Any CPU
		{A2599AB3-A94B-45AF-889E-8AF8761D8300}.Debug|Any CPU.ActiveCfg = Debug|Any CPU
		{A2599AB3-A94B-45AF-889E-8AF8761D8300}.Debug|Any CPU.Build.0 = Debug|Any CPU
		{A2599AB3-A94B-45AF-889E-8AF8761D8300}.Debug|x64.ActiveCfg = Debug|Any CPU
		{A2599AB3-A94B-45AF-889E-8AF8761D8300}.Debug|x64.Build.0 = Debug|Any CPU
		{A2599AB3-A94B-45AF-889E-8AF8761D8300}.Debug|x86.ActiveCfg = Debug|Any CPU
		{A2599AB3-A94B-45AF-889E-8AF8761D8300}.Debug|x86.Build.0 = Debug|Any CPU
		{A2599AB3-A94B-45AF-889E-8AF8761D8300}.Release|Any CPU.ActiveCfg = Release|Any CPU
		{A2599AB3-A94B-45AF-889E-8AF8761D8300}.Release|Any CPU.Build.0 = Release|Any CPU
		{A2599AB3-A94B-45AF-889E-8AF8761D8300}.Release|x64.ActiveCfg = Release|Any CPU
		{A2599AB3-A94B-45AF-889E-8AF8761D8300}.Release|x64.Build.0 = Release|Any CPU
		{A2599AB3-A94B-45AF-889E-8AF8761D8300}.Release|x86.ActiveCfg = Release|Any CPU
		{A2599AB3-A94B-45AF-889E-8AF8761D8300}.Release|x86.Build.0 = Release|Any CPU
		{D645BB1B-C473-42D2-B36F-0659BA736200}.Debug|Any CPU.ActiveCfg = Debug|Any CPU
		{D645BB1B-C473-42D2-B36F-0659BA736200}.Debug|Any CPU.Build.0 = Debug|Any CPU
		{D645BB1B-C473-42D2-B36F-0659BA736200}.Debug|x64.ActiveCfg = Debug|Any CPU
		{D645BB1B-C473-42D2-B36F-0659BA736200}.Debug|x64.Build.0 = Debug|Any CPU
		{D645BB1B-C473-42D2-B36F-0659BA736200}.Debug|x86.ActiveCfg = Debug|Any CPU
		{D645BB1B-C473-42D2-B36F-0659BA736200}.Debug|x86.Build.0 = Debug|Any CPU
		{D645BB1B-C473-42D2-B36F-0659BA736200}.Release|Any CPU.ActiveCfg = Release|Any CPU
		{D645BB1B-C473-42D2-B36F-0659BA736200}.Release|Any CPU.Build.0 = Release|Any CPU
		{D645BB1B-C473-42D2-B36F-0659BA736200}.Release|x64.ActiveCfg = Release|Any CPU
		{D645BB1B-C473-42D2-B36F-0659BA736200}.Release|x64.Build.0 = Release|Any CPU
		{D645BB1B-C473-42D2-B36F-0659BA736200}.Release|x86.ActiveCfg = Release|Any CPU
		{D645BB1B-C473-42D2-B36F-0659BA736200}.Release|x86.Build.0 = Release|Any CPU
		{DFBFADE8-F825-4C7A-9298-0BE1860F907B}.Debug|Any CPU.ActiveCfg = Debug|Any CPU
		{DFBFADE8-F825-4C7A-9298-0BE1860F907B}.Debug|Any CPU.Build.0 = Debug|Any CPU
		{DFBFADE8-F825-4C7A-9298-0BE1860F907B}.Debug|x64.ActiveCfg = Debug|Any CPU
		{DFBFADE8-F825-4C7A-9298-0BE1860F907B}.Debug|x64.Build.0 = Debug|Any CPU
		{DFBFADE8-F825-4C7A-9298-0BE1860F907B}.Debug|x86.ActiveCfg = Debug|Any CPU
		{DFBFADE8-F825-4C7A-9298-0BE1860F907B}.Debug|x86.Build.0 = Debug|Any CPU
		{DFBFADE8-F825-4C7A-9298-0BE1860F907B}.Release|Any CPU.ActiveCfg = Release|Any CPU
		{DFBFADE8-F825-4C7A-9298-0BE1860F907B}.Release|Any CPU.Build.0 = Release|Any CPU
		{DFBFADE8-F825-4C7A-9298-0BE1860F907B}.Release|x64.ActiveCfg = Release|Any CPU
		{DFBFADE8-F825-4C7A-9298-0BE1860F907B}.Release|x64.Build.0 = Release|Any CPU
		{DFBFADE8-F825-4C7A-9298-0BE1860F907B}.Release|x86.ActiveCfg = Release|Any CPU
		{DFBFADE8-F825-4C7A-9298-0BE1860F907B}.Release|x86.Build.0 = Release|Any CPU
		{F134921C-284C-4152-9D2A-45B777996F2F}.Debug|Any CPU.ActiveCfg = Debug|Any CPU
		{F134921C-284C-4152-9D2A-45B777996F2F}.Debug|Any CPU.Build.0 = Debug|Any CPU
		{F134921C-284C-4152-9D2A-45B777996F2F}.Debug|x64.ActiveCfg = Debug|Any CPU
		{F134921C-284C-4152-9D2A-45B777996F2F}.Debug|x64.Build.0 = Debug|Any CPU
		{F134921C-284C-4152-9D2A-45B777996F2F}.Debug|x86.ActiveCfg = Debug|Any CPU
		{F134921C-284C-4152-9D2A-45B777996F2F}.Debug|x86.Build.0 = Debug|Any CPU
		{F134921C-284C-4152-9D2A-45B777996F2F}.Release|Any CPU.ActiveCfg = Release|Any CPU
		{F134921C-284C-4152-9D2A-45B777996F2F}.Release|Any CPU.Build.0 = Release|Any CPU
		{F134921C-284C-4152-9D2A-45B777996F2F}.Release|x64.ActiveCfg = Release|Any CPU
		{F134921C-284C-4152-9D2A-45B777996F2F}.Release|x64.Build.0 = Release|Any CPU
		{F134921C-284C-4152-9D2A-45B777996F2F}.Release|x86.ActiveCfg = Release|Any CPU
		{F134921C-284C-4152-9D2A-45B777996F2F}.Release|x86.Build.0 = Release|Any CPU
		{B2D1B285-1D93-4C0F-B5A4-E013C7AF048A}.Debug|Any CPU.ActiveCfg = Debug|Any CPU
		{B2D1B285-1D93-4C0F-B5A4-E013C7AF048A}.Debug|Any CPU.Build.0 = Debug|Any CPU
		{B2D1B285-1D93-4C0F-B5A4-E013C7AF048A}.Debug|x64.ActiveCfg = Debug|Any CPU
		{B2D1B285-1D93-4C0F-B5A4-E013C7AF048A}.Debug|x64.Build.0 = Debug|Any CPU
		{B2D1B285-1D93-4C0F-B5A4-E013C7AF048A}.Debug|x86.ActiveCfg = Debug|Any CPU
		{B2D1B285-1D93-4C0F-B5A4-E013C7AF048A}.Debug|x86.Build.0 = Debug|Any CPU
		{B2D1B285-1D93-4C0F-B5A4-E013C7AF048A}.Release|Any CPU.ActiveCfg = Release|Any CPU
		{B2D1B285-1D93-4C0F-B5A4-E013C7AF048A}.Release|Any CPU.Build.0 = Release|Any CPU
		{B2D1B285-1D93-4C0F-B5A4-E013C7AF048A}.Release|x64.ActiveCfg = Release|Any CPU
		{B2D1B285-1D93-4C0F-B5A4-E013C7AF048A}.Release|x64.Build.0 = Release|Any CPU
		{B2D1B285-1D93-4C0F-B5A4-E013C7AF048A}.Release|x86.ActiveCfg = Release|Any CPU
		{B2D1B285-1D93-4C0F-B5A4-E013C7AF048A}.Release|x86.Build.0 = Release|Any CPU
		{7919118A-2785-4609-8C17-8D7A3BD3C1A1}.Debug|Any CPU.ActiveCfg = Debug|Any CPU
		{7919118A-2785-4609-8C17-8D7A3BD3C1A1}.Debug|Any CPU.Build.0 = Debug|Any CPU
		{7919118A-2785-4609-8C17-8D7A3BD3C1A1}.Debug|x64.ActiveCfg = Debug|Any CPU
		{7919118A-2785-4609-8C17-8D7A3BD3C1A1}.Debug|x64.Build.0 = Debug|Any CPU
		{7919118A-2785-4609-8C17-8D7A3BD3C1A1}.Debug|x86.ActiveCfg = Debug|Any CPU
		{7919118A-2785-4609-8C17-8D7A3BD3C1A1}.Debug|x86.Build.0 = Debug|Any CPU
		{7919118A-2785-4609-8C17-8D7A3BD3C1A1}.Release|Any CPU.ActiveCfg = Release|Any CPU
		{7919118A-2785-4609-8C17-8D7A3BD3C1A1}.Release|Any CPU.Build.0 = Release|Any CPU
		{7919118A-2785-4609-8C17-8D7A3BD3C1A1}.Release|x64.ActiveCfg = Release|Any CPU
		{7919118A-2785-4609-8C17-8D7A3BD3C1A1}.Release|x64.Build.0 = Release|Any CPU
		{7919118A-2785-4609-8C17-8D7A3BD3C1A1}.Release|x86.ActiveCfg = Release|Any CPU
		{7919118A-2785-4609-8C17-8D7A3BD3C1A1}.Release|x86.Build.0 = Release|Any CPU
		{FB650CB8-B2F7-4EB0-9A48-0338D990D147}.Debug|Any CPU.ActiveCfg = Debug|Any CPU
		{FB650CB8-B2F7-4EB0-9A48-0338D990D147}.Debug|Any CPU.Build.0 = Debug|Any CPU
		{FB650CB8-B2F7-4EB0-9A48-0338D990D147}.Debug|x64.ActiveCfg = Debug|Any CPU
		{FB650CB8-B2F7-4EB0-9A48-0338D990D147}.Debug|x64.Build.0 = Debug|Any CPU
		{FB650CB8-B2F7-4EB0-9A48-0338D990D147}.Debug|x86.ActiveCfg = Debug|Any CPU
		{FB650CB8-B2F7-4EB0-9A48-0338D990D147}.Debug|x86.Build.0 = Debug|Any CPU
		{FB650CB8-B2F7-4EB0-9A48-0338D990D147}.Release|Any CPU.ActiveCfg = Release|Any CPU
		{FB650CB8-B2F7-4EB0-9A48-0338D990D147}.Release|Any CPU.Build.0 = Release|Any CPU
		{FB650CB8-B2F7-4EB0-9A48-0338D990D147}.Release|x64.ActiveCfg = Release|Any CPU
		{FB650CB8-B2F7-4EB0-9A48-0338D990D147}.Release|x64.Build.0 = Release|Any CPU
		{FB650CB8-B2F7-4EB0-9A48-0338D990D147}.Release|x86.ActiveCfg = Release|Any CPU
		{FB650CB8-B2F7-4EB0-9A48-0338D990D147}.Release|x86.Build.0 = Release|Any CPU
		{AB46F0D7-4C50-4F94-9EDD-7B8B7448DE0F}.Debug|Any CPU.ActiveCfg = Debug|Any CPU
		{AB46F0D7-4C50-4F94-9EDD-7B8B7448DE0F}.Debug|Any CPU.Build.0 = Debug|Any CPU
		{AB46F0D7-4C50-4F94-9EDD-7B8B7448DE0F}.Debug|x64.ActiveCfg = Debug|Any CPU
		{AB46F0D7-4C50-4F94-9EDD-7B8B7448DE0F}.Debug|x64.Build.0 = Debug|Any CPU
		{AB46F0D7-4C50-4F94-9EDD-7B8B7448DE0F}.Debug|x86.ActiveCfg = Debug|Any CPU
		{AB46F0D7-4C50-4F94-9EDD-7B8B7448DE0F}.Debug|x86.Build.0 = Debug|Any CPU
		{AB46F0D7-4C50-4F94-9EDD-7B8B7448DE0F}.Release|Any CPU.ActiveCfg = Release|Any CPU
		{AB46F0D7-4C50-4F94-9EDD-7B8B7448DE0F}.Release|Any CPU.Build.0 = Release|Any CPU
		{AB46F0D7-4C50-4F94-9EDD-7B8B7448DE0F}.Release|x64.ActiveCfg = Release|Any CPU
		{AB46F0D7-4C50-4F94-9EDD-7B8B7448DE0F}.Release|x64.Build.0 = Release|Any CPU
		{AB46F0D7-4C50-4F94-9EDD-7B8B7448DE0F}.Release|x86.ActiveCfg = Release|Any CPU
		{AB46F0D7-4C50-4F94-9EDD-7B8B7448DE0F}.Release|x86.Build.0 = Release|Any CPU
		{1C05EDB0-EB9F-4930-B885-B44CA03C2E96}.Debug|Any CPU.ActiveCfg = Debug|Any CPU
		{1C05EDB0-EB9F-4930-B885-B44CA03C2E96}.Debug|Any CPU.Build.0 = Debug|Any CPU
		{1C05EDB0-EB9F-4930-B885-B44CA03C2E96}.Debug|x64.ActiveCfg = Debug|Any CPU
		{1C05EDB0-EB9F-4930-B885-B44CA03C2E96}.Debug|x64.Build.0 = Debug|Any CPU
		{1C05EDB0-EB9F-4930-B885-B44CA03C2E96}.Debug|x86.ActiveCfg = Debug|Any CPU
		{1C05EDB0-EB9F-4930-B885-B44CA03C2E96}.Debug|x86.Build.0 = Debug|Any CPU
		{1C05EDB0-EB9F-4930-B885-B44CA03C2E96}.Release|Any CPU.ActiveCfg = Release|Any CPU
		{1C05EDB0-EB9F-4930-B885-B44CA03C2E96}.Release|Any CPU.Build.0 = Release|Any CPU
		{1C05EDB0-EB9F-4930-B885-B44CA03C2E96}.Release|x64.ActiveCfg = Release|Any CPU
		{1C05EDB0-EB9F-4930-B885-B44CA03C2E96}.Release|x64.Build.0 = Release|Any CPU
		{1C05EDB0-EB9F-4930-B885-B44CA03C2E96}.Release|x86.ActiveCfg = Release|Any CPU
		{1C05EDB0-EB9F-4930-B885-B44CA03C2E96}.Release|x86.Build.0 = Release|Any CPU
		{7797D89F-D34A-4CCC-8021-ADC879A85446}.Debug|Any CPU.ActiveCfg = Debug|Any CPU
		{7797D89F-D34A-4CCC-8021-ADC879A85446}.Debug|Any CPU.Build.0 = Debug|Any CPU
		{7797D89F-D34A-4CCC-8021-ADC879A85446}.Debug|x64.ActiveCfg = Debug|Any CPU
		{7797D89F-D34A-4CCC-8021-ADC879A85446}.Debug|x64.Build.0 = Debug|Any CPU
		{7797D89F-D34A-4CCC-8021-ADC879A85446}.Debug|x86.ActiveCfg = Debug|Any CPU
		{7797D89F-D34A-4CCC-8021-ADC879A85446}.Debug|x86.Build.0 = Debug|Any CPU
		{7797D89F-D34A-4CCC-8021-ADC879A85446}.Release|Any CPU.ActiveCfg = Release|Any CPU
		{7797D89F-D34A-4CCC-8021-ADC879A85446}.Release|Any CPU.Build.0 = Release|Any CPU
		{7797D89F-D34A-4CCC-8021-ADC879A85446}.Release|x64.ActiveCfg = Release|Any CPU
		{7797D89F-D34A-4CCC-8021-ADC879A85446}.Release|x64.Build.0 = Release|Any CPU
		{7797D89F-D34A-4CCC-8021-ADC879A85446}.Release|x86.ActiveCfg = Release|Any CPU
		{7797D89F-D34A-4CCC-8021-ADC879A85446}.Release|x86.Build.0 = Release|Any CPU
		{E6F12B76-3DE5-4933-A9A9-C1C53A32660C}.Debug|Any CPU.ActiveCfg = Debug|Any CPU
		{E6F12B76-3DE5-4933-A9A9-C1C53A32660C}.Debug|Any CPU.Build.0 = Debug|Any CPU
		{E6F12B76-3DE5-4933-A9A9-C1C53A32660C}.Debug|x64.ActiveCfg = Debug|Any CPU
		{E6F12B76-3DE5-4933-A9A9-C1C53A32660C}.Debug|x64.Build.0 = Debug|Any CPU
		{E6F12B76-3DE5-4933-A9A9-C1C53A32660C}.Debug|x86.ActiveCfg = Debug|Any CPU
		{E6F12B76-3DE5-4933-A9A9-C1C53A32660C}.Debug|x86.Build.0 = Debug|Any CPU
		{E6F12B76-3DE5-4933-A9A9-C1C53A32660C}.Release|Any CPU.ActiveCfg = Release|Any CPU
		{E6F12B76-3DE5-4933-A9A9-C1C53A32660C}.Release|Any CPU.Build.0 = Release|Any CPU
		{E6F12B76-3DE5-4933-A9A9-C1C53A32660C}.Release|x64.ActiveCfg = Release|Any CPU
		{E6F12B76-3DE5-4933-A9A9-C1C53A32660C}.Release|x64.Build.0 = Release|Any CPU
		{E6F12B76-3DE5-4933-A9A9-C1C53A32660C}.Release|x86.ActiveCfg = Release|Any CPU
		{E6F12B76-3DE5-4933-A9A9-C1C53A32660C}.Release|x86.Build.0 = Release|Any CPU
		{993BA936-9D7E-452F-8ED1-0E15E3FDB730}.Debug|Any CPU.ActiveCfg = Debug|Any CPU
		{993BA936-9D7E-452F-8ED1-0E15E3FDB730}.Debug|Any CPU.Build.0 = Debug|Any CPU
		{993BA936-9D7E-452F-8ED1-0E15E3FDB730}.Debug|x64.ActiveCfg = Debug|Any CPU
		{993BA936-9D7E-452F-8ED1-0E15E3FDB730}.Debug|x64.Build.0 = Debug|Any CPU
		{993BA936-9D7E-452F-8ED1-0E15E3FDB730}.Debug|x86.ActiveCfg = Debug|Any CPU
		{993BA936-9D7E-452F-8ED1-0E15E3FDB730}.Debug|x86.Build.0 = Debug|Any CPU
		{993BA936-9D7E-452F-8ED1-0E15E3FDB730}.Release|Any CPU.ActiveCfg = Release|Any CPU
		{993BA936-9D7E-452F-8ED1-0E15E3FDB730}.Release|Any CPU.Build.0 = Release|Any CPU
		{993BA936-9D7E-452F-8ED1-0E15E3FDB730}.Release|x64.ActiveCfg = Release|Any CPU
		{993BA936-9D7E-452F-8ED1-0E15E3FDB730}.Release|x64.Build.0 = Release|Any CPU
		{993BA936-9D7E-452F-8ED1-0E15E3FDB730}.Release|x86.ActiveCfg = Release|Any CPU
		{993BA936-9D7E-452F-8ED1-0E15E3FDB730}.Release|x86.Build.0 = Release|Any CPU
		{E7FE7864-79C2-42B4-97A5-928E619975EA}.Debug|Any CPU.ActiveCfg = Debug|Any CPU
		{E7FE7864-79C2-42B4-97A5-928E619975EA}.Debug|Any CPU.Build.0 = Debug|Any CPU
		{E7FE7864-79C2-42B4-97A5-928E619975EA}.Debug|x64.ActiveCfg = Debug|Any CPU
		{E7FE7864-79C2-42B4-97A5-928E619975EA}.Debug|x64.Build.0 = Debug|Any CPU
		{E7FE7864-79C2-42B4-97A5-928E619975EA}.Debug|x86.ActiveCfg = Debug|Any CPU
		{E7FE7864-79C2-42B4-97A5-928E619975EA}.Debug|x86.Build.0 = Debug|Any CPU
		{E7FE7864-79C2-42B4-97A5-928E619975EA}.Release|Any CPU.ActiveCfg = Release|Any CPU
		{E7FE7864-79C2-42B4-97A5-928E619975EA}.Release|Any CPU.Build.0 = Release|Any CPU
		{E7FE7864-79C2-42B4-97A5-928E619975EA}.Release|x64.ActiveCfg = Release|Any CPU
		{E7FE7864-79C2-42B4-97A5-928E619975EA}.Release|x64.Build.0 = Release|Any CPU
		{E7FE7864-79C2-42B4-97A5-928E619975EA}.Release|x86.ActiveCfg = Release|Any CPU
		{E7FE7864-79C2-42B4-97A5-928E619975EA}.Release|x86.Build.0 = Release|Any CPU
		{F95C3A46-B79E-4553-B65A-7DA487899D72}.Debug|Any CPU.ActiveCfg = Debug|Any CPU
		{F95C3A46-B79E-4553-B65A-7DA487899D72}.Debug|Any CPU.Build.0 = Debug|Any CPU
		{F95C3A46-B79E-4553-B65A-7DA487899D72}.Debug|x64.ActiveCfg = Debug|Any CPU
		{F95C3A46-B79E-4553-B65A-7DA487899D72}.Debug|x64.Build.0 = Debug|Any CPU
		{F95C3A46-B79E-4553-B65A-7DA487899D72}.Debug|x86.ActiveCfg = Debug|Any CPU
		{F95C3A46-B79E-4553-B65A-7DA487899D72}.Debug|x86.Build.0 = Debug|Any CPU
		{F95C3A46-B79E-4553-B65A-7DA487899D72}.Release|Any CPU.ActiveCfg = Release|Any CPU
		{F95C3A46-B79E-4553-B65A-7DA487899D72}.Release|Any CPU.Build.0 = Release|Any CPU
		{F95C3A46-B79E-4553-B65A-7DA487899D72}.Release|x64.ActiveCfg = Release|Any CPU
		{F95C3A46-B79E-4553-B65A-7DA487899D72}.Release|x64.Build.0 = Release|Any CPU
		{F95C3A46-B79E-4553-B65A-7DA487899D72}.Release|x86.ActiveCfg = Release|Any CPU
		{F95C3A46-B79E-4553-B65A-7DA487899D72}.Release|x86.Build.0 = Release|Any CPU
		{DF6D7448-7388-4DD8-A6A8-FA0D0BFA0698}.Debug|Any CPU.ActiveCfg = Debug|Any CPU
		{DF6D7448-7388-4DD8-A6A8-FA0D0BFA0698}.Debug|Any CPU.Build.0 = Debug|Any CPU
		{DF6D7448-7388-4DD8-A6A8-FA0D0BFA0698}.Debug|x64.ActiveCfg = Debug|Any CPU
		{DF6D7448-7388-4DD8-A6A8-FA0D0BFA0698}.Debug|x64.Build.0 = Debug|Any CPU
		{DF6D7448-7388-4DD8-A6A8-FA0D0BFA0698}.Debug|x86.ActiveCfg = Debug|Any CPU
		{DF6D7448-7388-4DD8-A6A8-FA0D0BFA0698}.Debug|x86.Build.0 = Debug|Any CPU
		{DF6D7448-7388-4DD8-A6A8-FA0D0BFA0698}.Release|Any CPU.ActiveCfg = Release|Any CPU
		{DF6D7448-7388-4DD8-A6A8-FA0D0BFA0698}.Release|Any CPU.Build.0 = Release|Any CPU
		{DF6D7448-7388-4DD8-A6A8-FA0D0BFA0698}.Release|x64.ActiveCfg = Release|Any CPU
		{DF6D7448-7388-4DD8-A6A8-FA0D0BFA0698}.Release|x64.Build.0 = Release|Any CPU
		{DF6D7448-7388-4DD8-A6A8-FA0D0BFA0698}.Release|x86.ActiveCfg = Release|Any CPU
		{DF6D7448-7388-4DD8-A6A8-FA0D0BFA0698}.Release|x86.Build.0 = Release|Any CPU
		{0F78FF70-A805-4E7A-9AF6-002EF9B4C211}.Debug|Any CPU.ActiveCfg = Debug|Any CPU
		{0F78FF70-A805-4E7A-9AF6-002EF9B4C211}.Debug|Any CPU.Build.0 = Debug|Any CPU
		{0F78FF70-A805-4E7A-9AF6-002EF9B4C211}.Debug|x64.ActiveCfg = Debug|Any CPU
		{0F78FF70-A805-4E7A-9AF6-002EF9B4C211}.Debug|x64.Build.0 = Debug|Any CPU
		{0F78FF70-A805-4E7A-9AF6-002EF9B4C211}.Debug|x86.ActiveCfg = Debug|Any CPU
		{0F78FF70-A805-4E7A-9AF6-002EF9B4C211}.Debug|x86.Build.0 = Debug|Any CPU
		{0F78FF70-A805-4E7A-9AF6-002EF9B4C211}.Release|Any CPU.ActiveCfg = Release|Any CPU
		{0F78FF70-A805-4E7A-9AF6-002EF9B4C211}.Release|Any CPU.Build.0 = Release|Any CPU
		{0F78FF70-A805-4E7A-9AF6-002EF9B4C211}.Release|x64.ActiveCfg = Release|Any CPU
		{0F78FF70-A805-4E7A-9AF6-002EF9B4C211}.Release|x64.Build.0 = Release|Any CPU
		{0F78FF70-A805-4E7A-9AF6-002EF9B4C211}.Release|x86.ActiveCfg = Release|Any CPU
		{0F78FF70-A805-4E7A-9AF6-002EF9B4C211}.Release|x86.Build.0 = Release|Any CPU
		{2C8D436F-3B20-4641-A649-AE1DC57B7FF0}.Debug|Any CPU.ActiveCfg = Debug|Any CPU
		{2C8D436F-3B20-4641-A649-AE1DC57B7FF0}.Debug|Any CPU.Build.0 = Debug|Any CPU
		{2C8D436F-3B20-4641-A649-AE1DC57B7FF0}.Debug|x64.ActiveCfg = Debug|Any CPU
		{2C8D436F-3B20-4641-A649-AE1DC57B7FF0}.Debug|x64.Build.0 = Debug|Any CPU
		{2C8D436F-3B20-4641-A649-AE1DC57B7FF0}.Debug|x86.ActiveCfg = Debug|Any CPU
		{2C8D436F-3B20-4641-A649-AE1DC57B7FF0}.Debug|x86.Build.0 = Debug|Any CPU
		{2C8D436F-3B20-4641-A649-AE1DC57B7FF0}.Release|Any CPU.ActiveCfg = Release|Any CPU
		{2C8D436F-3B20-4641-A649-AE1DC57B7FF0}.Release|Any CPU.Build.0 = Release|Any CPU
		{2C8D436F-3B20-4641-A649-AE1DC57B7FF0}.Release|x64.ActiveCfg = Release|Any CPU
		{2C8D436F-3B20-4641-A649-AE1DC57B7FF0}.Release|x64.Build.0 = Release|Any CPU
		{2C8D436F-3B20-4641-A649-AE1DC57B7FF0}.Release|x86.ActiveCfg = Release|Any CPU
		{2C8D436F-3B20-4641-A649-AE1DC57B7FF0}.Release|x86.Build.0 = Release|Any CPU
		{2E4946B2-E3B6-449D-BABA-D08BDEBE1D83}.Debug|Any CPU.ActiveCfg = Debug|Any CPU
		{2E4946B2-E3B6-449D-BABA-D08BDEBE1D83}.Debug|Any CPU.Build.0 = Debug|Any CPU
		{2E4946B2-E3B6-449D-BABA-D08BDEBE1D83}.Debug|x64.ActiveCfg = Debug|Any CPU
		{2E4946B2-E3B6-449D-BABA-D08BDEBE1D83}.Debug|x64.Build.0 = Debug|Any CPU
		{2E4946B2-E3B6-449D-BABA-D08BDEBE1D83}.Debug|x86.ActiveCfg = Debug|Any CPU
		{2E4946B2-E3B6-449D-BABA-D08BDEBE1D83}.Debug|x86.Build.0 = Debug|Any CPU
		{2E4946B2-E3B6-449D-BABA-D08BDEBE1D83}.Release|Any CPU.ActiveCfg = Release|Any CPU
		{2E4946B2-E3B6-449D-BABA-D08BDEBE1D83}.Release|Any CPU.Build.0 = Release|Any CPU
		{2E4946B2-E3B6-449D-BABA-D08BDEBE1D83}.Release|x64.ActiveCfg = Release|Any CPU
		{2E4946B2-E3B6-449D-BABA-D08BDEBE1D83}.Release|x64.Build.0 = Release|Any CPU
		{2E4946B2-E3B6-449D-BABA-D08BDEBE1D83}.Release|x86.ActiveCfg = Release|Any CPU
		{2E4946B2-E3B6-449D-BABA-D08BDEBE1D83}.Release|x86.Build.0 = Release|Any CPU
		{059CFC3F-8B6A-42E6-A80D-8B3EE5298C8C}.Debug|Any CPU.ActiveCfg = Debug|Any CPU
		{059CFC3F-8B6A-42E6-A80D-8B3EE5298C8C}.Debug|Any CPU.Build.0 = Debug|Any CPU
		{059CFC3F-8B6A-42E6-A80D-8B3EE5298C8C}.Debug|x64.ActiveCfg = Debug|Any CPU
		{059CFC3F-8B6A-42E6-A80D-8B3EE5298C8C}.Debug|x64.Build.0 = Debug|Any CPU
		{059CFC3F-8B6A-42E6-A80D-8B3EE5298C8C}.Debug|x86.ActiveCfg = Debug|Any CPU
		{059CFC3F-8B6A-42E6-A80D-8B3EE5298C8C}.Debug|x86.Build.0 = Debug|Any CPU
		{059CFC3F-8B6A-42E6-A80D-8B3EE5298C8C}.Release|Any CPU.ActiveCfg = Release|Any CPU
		{059CFC3F-8B6A-42E6-A80D-8B3EE5298C8C}.Release|Any CPU.Build.0 = Release|Any CPU
		{059CFC3F-8B6A-42E6-A80D-8B3EE5298C8C}.Release|x64.ActiveCfg = Release|Any CPU
		{059CFC3F-8B6A-42E6-A80D-8B3EE5298C8C}.Release|x64.Build.0 = Release|Any CPU
		{059CFC3F-8B6A-42E6-A80D-8B3EE5298C8C}.Release|x86.ActiveCfg = Release|Any CPU
		{059CFC3F-8B6A-42E6-A80D-8B3EE5298C8C}.Release|x86.Build.0 = Release|Any CPU
		{C9D6CCC7-A6F7-4FA5-9B22-8A1BA5E9A535}.Debug|Any CPU.ActiveCfg = Debug|Any CPU
		{C9D6CCC7-A6F7-4FA5-9B22-8A1BA5E9A535}.Debug|Any CPU.Build.0 = Debug|Any CPU
		{C9D6CCC7-A6F7-4FA5-9B22-8A1BA5E9A535}.Debug|x64.ActiveCfg = Debug|Any CPU
		{C9D6CCC7-A6F7-4FA5-9B22-8A1BA5E9A535}.Debug|x64.Build.0 = Debug|Any CPU
		{C9D6CCC7-A6F7-4FA5-9B22-8A1BA5E9A535}.Debug|x86.ActiveCfg = Debug|Any CPU
		{C9D6CCC7-A6F7-4FA5-9B22-8A1BA5E9A535}.Debug|x86.Build.0 = Debug|Any CPU
		{C9D6CCC7-A6F7-4FA5-9B22-8A1BA5E9A535}.Release|Any CPU.ActiveCfg = Release|Any CPU
		{C9D6CCC7-A6F7-4FA5-9B22-8A1BA5E9A535}.Release|Any CPU.Build.0 = Release|Any CPU
		{C9D6CCC7-A6F7-4FA5-9B22-8A1BA5E9A535}.Release|x64.ActiveCfg = Release|Any CPU
		{C9D6CCC7-A6F7-4FA5-9B22-8A1BA5E9A535}.Release|x64.Build.0 = Release|Any CPU
		{C9D6CCC7-A6F7-4FA5-9B22-8A1BA5E9A535}.Release|x86.ActiveCfg = Release|Any CPU
		{C9D6CCC7-A6F7-4FA5-9B22-8A1BA5E9A535}.Release|x86.Build.0 = Release|Any CPU
		{6026C6CC-71F9-4BFD-95EE-E55DA74FE841}.Debug|Any CPU.ActiveCfg = Debug|Any CPU
		{6026C6CC-71F9-4BFD-95EE-E55DA74FE841}.Debug|Any CPU.Build.0 = Debug|Any CPU
		{6026C6CC-71F9-4BFD-95EE-E55DA74FE841}.Debug|x64.ActiveCfg = Debug|Any CPU
		{6026C6CC-71F9-4BFD-95EE-E55DA74FE841}.Debug|x64.Build.0 = Debug|Any CPU
		{6026C6CC-71F9-4BFD-95EE-E55DA74FE841}.Debug|x86.ActiveCfg = Debug|Any CPU
		{6026C6CC-71F9-4BFD-95EE-E55DA74FE841}.Debug|x86.Build.0 = Debug|Any CPU
		{6026C6CC-71F9-4BFD-95EE-E55DA74FE841}.Release|Any CPU.ActiveCfg = Release|Any CPU
		{6026C6CC-71F9-4BFD-95EE-E55DA74FE841}.Release|Any CPU.Build.0 = Release|Any CPU
		{6026C6CC-71F9-4BFD-95EE-E55DA74FE841}.Release|x64.ActiveCfg = Release|Any CPU
		{6026C6CC-71F9-4BFD-95EE-E55DA74FE841}.Release|x64.Build.0 = Release|Any CPU
		{6026C6CC-71F9-4BFD-95EE-E55DA74FE841}.Release|x86.ActiveCfg = Release|Any CPU
		{6026C6CC-71F9-4BFD-95EE-E55DA74FE841}.Release|x86.Build.0 = Release|Any CPU
		{B2BE8332-5A1B-496B-819C-6A354B81A77B}.Debug|Any CPU.ActiveCfg = Debug|Any CPU
		{B2BE8332-5A1B-496B-819C-6A354B81A77B}.Debug|Any CPU.Build.0 = Debug|Any CPU
		{B2BE8332-5A1B-496B-819C-6A354B81A77B}.Debug|x64.ActiveCfg = Debug|Any CPU
		{B2BE8332-5A1B-496B-819C-6A354B81A77B}.Debug|x64.Build.0 = Debug|Any CPU
		{B2BE8332-5A1B-496B-819C-6A354B81A77B}.Debug|x86.ActiveCfg = Debug|Any CPU
		{B2BE8332-5A1B-496B-819C-6A354B81A77B}.Debug|x86.Build.0 = Debug|Any CPU
		{B2BE8332-5A1B-496B-819C-6A354B81A77B}.Release|Any CPU.ActiveCfg = Release|Any CPU
		{B2BE8332-5A1B-496B-819C-6A354B81A77B}.Release|Any CPU.Build.0 = Release|Any CPU
		{B2BE8332-5A1B-496B-819C-6A354B81A77B}.Release|x64.ActiveCfg = Release|Any CPU
		{B2BE8332-5A1B-496B-819C-6A354B81A77B}.Release|x64.Build.0 = Release|Any CPU
		{B2BE8332-5A1B-496B-819C-6A354B81A77B}.Release|x86.ActiveCfg = Release|Any CPU
		{B2BE8332-5A1B-496B-819C-6A354B81A77B}.Release|x86.Build.0 = Release|Any CPU
		{CEE4284D-0755-4B79-8A38-DAD2B04F495D}.Debug|Any CPU.ActiveCfg = Debug|Any CPU
		{CEE4284D-0755-4B79-8A38-DAD2B04F495D}.Debug|Any CPU.Build.0 = Debug|Any CPU
		{CEE4284D-0755-4B79-8A38-DAD2B04F495D}.Debug|x64.ActiveCfg = Debug|Any CPU
		{CEE4284D-0755-4B79-8A38-DAD2B04F495D}.Debug|x64.Build.0 = Debug|Any CPU
		{CEE4284D-0755-4B79-8A38-DAD2B04F495D}.Debug|x86.ActiveCfg = Debug|Any CPU
		{CEE4284D-0755-4B79-8A38-DAD2B04F495D}.Debug|x86.Build.0 = Debug|Any CPU
		{CEE4284D-0755-4B79-8A38-DAD2B04F495D}.Release|Any CPU.ActiveCfg = Release|Any CPU
		{CEE4284D-0755-4B79-8A38-DAD2B04F495D}.Release|Any CPU.Build.0 = Release|Any CPU
		{CEE4284D-0755-4B79-8A38-DAD2B04F495D}.Release|x64.ActiveCfg = Release|Any CPU
		{CEE4284D-0755-4B79-8A38-DAD2B04F495D}.Release|x64.Build.0 = Release|Any CPU
		{CEE4284D-0755-4B79-8A38-DAD2B04F495D}.Release|x86.ActiveCfg = Release|Any CPU
		{CEE4284D-0755-4B79-8A38-DAD2B04F495D}.Release|x86.Build.0 = Release|Any CPU
		{9793C24D-FD09-43E7-B026-11EE730A7CF7}.Debug|Any CPU.ActiveCfg = Debug|Any CPU
		{9793C24D-FD09-43E7-B026-11EE730A7CF7}.Debug|Any CPU.Build.0 = Debug|Any CPU
		{9793C24D-FD09-43E7-B026-11EE730A7CF7}.Debug|x64.ActiveCfg = Debug|Any CPU
		{9793C24D-FD09-43E7-B026-11EE730A7CF7}.Debug|x64.Build.0 = Debug|Any CPU
		{9793C24D-FD09-43E7-B026-11EE730A7CF7}.Debug|x86.ActiveCfg = Debug|Any CPU
		{9793C24D-FD09-43E7-B026-11EE730A7CF7}.Debug|x86.Build.0 = Debug|Any CPU
		{9793C24D-FD09-43E7-B026-11EE730A7CF7}.Release|Any CPU.ActiveCfg = Release|Any CPU
		{9793C24D-FD09-43E7-B026-11EE730A7CF7}.Release|Any CPU.Build.0 = Release|Any CPU
		{9793C24D-FD09-43E7-B026-11EE730A7CF7}.Release|x64.ActiveCfg = Release|Any CPU
		{9793C24D-FD09-43E7-B026-11EE730A7CF7}.Release|x64.Build.0 = Release|Any CPU
		{9793C24D-FD09-43E7-B026-11EE730A7CF7}.Release|x86.ActiveCfg = Release|Any CPU
		{9793C24D-FD09-43E7-B026-11EE730A7CF7}.Release|x86.Build.0 = Release|Any CPU
		{FCC5B27E-8E95-4812-A6DC-F5EE85E085CF}.Debug|Any CPU.ActiveCfg = Debug|Any CPU
		{FCC5B27E-8E95-4812-A6DC-F5EE85E085CF}.Debug|Any CPU.Build.0 = Debug|Any CPU
		{FCC5B27E-8E95-4812-A6DC-F5EE85E085CF}.Debug|x64.ActiveCfg = Debug|Any CPU
		{FCC5B27E-8E95-4812-A6DC-F5EE85E085CF}.Debug|x64.Build.0 = Debug|Any CPU
		{FCC5B27E-8E95-4812-A6DC-F5EE85E085CF}.Debug|x86.ActiveCfg = Debug|Any CPU
		{FCC5B27E-8E95-4812-A6DC-F5EE85E085CF}.Debug|x86.Build.0 = Debug|Any CPU
		{FCC5B27E-8E95-4812-A6DC-F5EE85E085CF}.Release|Any CPU.ActiveCfg = Release|Any CPU
		{FCC5B27E-8E95-4812-A6DC-F5EE85E085CF}.Release|Any CPU.Build.0 = Release|Any CPU
		{FCC5B27E-8E95-4812-A6DC-F5EE85E085CF}.Release|x64.ActiveCfg = Release|Any CPU
		{FCC5B27E-8E95-4812-A6DC-F5EE85E085CF}.Release|x64.Build.0 = Release|Any CPU
		{FCC5B27E-8E95-4812-A6DC-F5EE85E085CF}.Release|x86.ActiveCfg = Release|Any CPU
		{FCC5B27E-8E95-4812-A6DC-F5EE85E085CF}.Release|x86.Build.0 = Release|Any CPU
		{75CE214B-DC44-4BB0-BD31-28DA792DA0CE}.Debug|Any CPU.ActiveCfg = Debug|Any CPU
		{75CE214B-DC44-4BB0-BD31-28DA792DA0CE}.Debug|Any CPU.Build.0 = Debug|Any CPU
		{75CE214B-DC44-4BB0-BD31-28DA792DA0CE}.Debug|x64.ActiveCfg = Debug|Any CPU
		{75CE214B-DC44-4BB0-BD31-28DA792DA0CE}.Debug|x64.Build.0 = Debug|Any CPU
		{75CE214B-DC44-4BB0-BD31-28DA792DA0CE}.Debug|x86.ActiveCfg = Debug|Any CPU
		{75CE214B-DC44-4BB0-BD31-28DA792DA0CE}.Debug|x86.Build.0 = Debug|Any CPU
		{75CE214B-DC44-4BB0-BD31-28DA792DA0CE}.Release|Any CPU.ActiveCfg = Release|Any CPU
		{75CE214B-DC44-4BB0-BD31-28DA792DA0CE}.Release|Any CPU.Build.0 = Release|Any CPU
		{75CE214B-DC44-4BB0-BD31-28DA792DA0CE}.Release|x64.ActiveCfg = Release|Any CPU
		{75CE214B-DC44-4BB0-BD31-28DA792DA0CE}.Release|x64.Build.0 = Release|Any CPU
		{75CE214B-DC44-4BB0-BD31-28DA792DA0CE}.Release|x86.ActiveCfg = Release|Any CPU
		{75CE214B-DC44-4BB0-BD31-28DA792DA0CE}.Release|x86.Build.0 = Release|Any CPU
		{8B6E2CBA-8D1E-45B5-A7AB-681237190B3A}.Debug|Any CPU.ActiveCfg = Debug|Any CPU
		{8B6E2CBA-8D1E-45B5-A7AB-681237190B3A}.Debug|Any CPU.Build.0 = Debug|Any CPU
		{8B6E2CBA-8D1E-45B5-A7AB-681237190B3A}.Debug|x64.ActiveCfg = Debug|Any CPU
		{8B6E2CBA-8D1E-45B5-A7AB-681237190B3A}.Debug|x64.Build.0 = Debug|Any CPU
		{8B6E2CBA-8D1E-45B5-A7AB-681237190B3A}.Debug|x86.ActiveCfg = Debug|Any CPU
		{8B6E2CBA-8D1E-45B5-A7AB-681237190B3A}.Debug|x86.Build.0 = Debug|Any CPU
		{8B6E2CBA-8D1E-45B5-A7AB-681237190B3A}.Release|Any CPU.ActiveCfg = Release|Any CPU
		{8B6E2CBA-8D1E-45B5-A7AB-681237190B3A}.Release|Any CPU.Build.0 = Release|Any CPU
		{8B6E2CBA-8D1E-45B5-A7AB-681237190B3A}.Release|x64.ActiveCfg = Release|Any CPU
		{8B6E2CBA-8D1E-45B5-A7AB-681237190B3A}.Release|x64.Build.0 = Release|Any CPU
		{8B6E2CBA-8D1E-45B5-A7AB-681237190B3A}.Release|x86.ActiveCfg = Release|Any CPU
		{8B6E2CBA-8D1E-45B5-A7AB-681237190B3A}.Release|x86.Build.0 = Release|Any CPU
		{B2D30D5D-FA0E-4B48-A88D-9863DC051593}.Debug|Any CPU.ActiveCfg = Debug|Any CPU
		{B2D30D5D-FA0E-4B48-A88D-9863DC051593}.Debug|Any CPU.Build.0 = Debug|Any CPU
		{B2D30D5D-FA0E-4B48-A88D-9863DC051593}.Debug|x64.ActiveCfg = Debug|Any CPU
		{B2D30D5D-FA0E-4B48-A88D-9863DC051593}.Debug|x64.Build.0 = Debug|Any CPU
		{B2D30D5D-FA0E-4B48-A88D-9863DC051593}.Debug|x86.ActiveCfg = Debug|Any CPU
		{B2D30D5D-FA0E-4B48-A88D-9863DC051593}.Debug|x86.Build.0 = Debug|Any CPU
		{B2D30D5D-FA0E-4B48-A88D-9863DC051593}.Release|Any CPU.ActiveCfg = Release|Any CPU
		{B2D30D5D-FA0E-4B48-A88D-9863DC051593}.Release|Any CPU.Build.0 = Release|Any CPU
		{B2D30D5D-FA0E-4B48-A88D-9863DC051593}.Release|x64.ActiveCfg = Release|Any CPU
		{B2D30D5D-FA0E-4B48-A88D-9863DC051593}.Release|x64.Build.0 = Release|Any CPU
		{B2D30D5D-FA0E-4B48-A88D-9863DC051593}.Release|x86.ActiveCfg = Release|Any CPU
		{B2D30D5D-FA0E-4B48-A88D-9863DC051593}.Release|x86.Build.0 = Release|Any CPU
		{9E782E86-7937-4AD2-ACEF-9D2958B93083}.Debug|Any CPU.ActiveCfg = Debug|Any CPU
		{9E782E86-7937-4AD2-ACEF-9D2958B93083}.Debug|Any CPU.Build.0 = Debug|Any CPU
		{9E782E86-7937-4AD2-ACEF-9D2958B93083}.Debug|x64.ActiveCfg = Debug|Any CPU
		{9E782E86-7937-4AD2-ACEF-9D2958B93083}.Debug|x64.Build.0 = Debug|Any CPU
		{9E782E86-7937-4AD2-ACEF-9D2958B93083}.Debug|x86.ActiveCfg = Debug|Any CPU
		{9E782E86-7937-4AD2-ACEF-9D2958B93083}.Debug|x86.Build.0 = Debug|Any CPU
		{9E782E86-7937-4AD2-ACEF-9D2958B93083}.Release|Any CPU.ActiveCfg = Release|Any CPU
		{9E782E86-7937-4AD2-ACEF-9D2958B93083}.Release|Any CPU.Build.0 = Release|Any CPU
		{9E782E86-7937-4AD2-ACEF-9D2958B93083}.Release|x64.ActiveCfg = Release|Any CPU
		{9E782E86-7937-4AD2-ACEF-9D2958B93083}.Release|x64.Build.0 = Release|Any CPU
		{9E782E86-7937-4AD2-ACEF-9D2958B93083}.Release|x86.ActiveCfg = Release|Any CPU
		{9E782E86-7937-4AD2-ACEF-9D2958B93083}.Release|x86.Build.0 = Release|Any CPU
		{761C2B3D-158A-4F7E-A27D-89AF1A6C060F}.Debug|Any CPU.ActiveCfg = Debug|Any CPU
		{761C2B3D-158A-4F7E-A27D-89AF1A6C060F}.Debug|Any CPU.Build.0 = Debug|Any CPU
		{761C2B3D-158A-4F7E-A27D-89AF1A6C060F}.Debug|x64.ActiveCfg = Debug|Any CPU
		{761C2B3D-158A-4F7E-A27D-89AF1A6C060F}.Debug|x64.Build.0 = Debug|Any CPU
		{761C2B3D-158A-4F7E-A27D-89AF1A6C060F}.Debug|x86.ActiveCfg = Debug|Any CPU
		{761C2B3D-158A-4F7E-A27D-89AF1A6C060F}.Debug|x86.Build.0 = Debug|Any CPU
		{761C2B3D-158A-4F7E-A27D-89AF1A6C060F}.Release|Any CPU.ActiveCfg = Release|Any CPU
		{761C2B3D-158A-4F7E-A27D-89AF1A6C060F}.Release|Any CPU.Build.0 = Release|Any CPU
		{761C2B3D-158A-4F7E-A27D-89AF1A6C060F}.Release|x64.ActiveCfg = Release|Any CPU
		{761C2B3D-158A-4F7E-A27D-89AF1A6C060F}.Release|x64.Build.0 = Release|Any CPU
		{761C2B3D-158A-4F7E-A27D-89AF1A6C060F}.Release|x86.ActiveCfg = Release|Any CPU
		{761C2B3D-158A-4F7E-A27D-89AF1A6C060F}.Release|x86.Build.0 = Release|Any CPU
		{3BA00726-0FC4-41F3-B28C-36364C8A4FDD}.Debug|Any CPU.ActiveCfg = Debug|Any CPU
		{3BA00726-0FC4-41F3-B28C-36364C8A4FDD}.Debug|Any CPU.Build.0 = Debug|Any CPU
		{3BA00726-0FC4-41F3-B28C-36364C8A4FDD}.Debug|x64.ActiveCfg = Debug|Any CPU
		{3BA00726-0FC4-41F3-B28C-36364C8A4FDD}.Debug|x64.Build.0 = Debug|Any CPU
		{3BA00726-0FC4-41F3-B28C-36364C8A4FDD}.Debug|x86.ActiveCfg = Debug|Any CPU
		{3BA00726-0FC4-41F3-B28C-36364C8A4FDD}.Debug|x86.Build.0 = Debug|Any CPU
		{3BA00726-0FC4-41F3-B28C-36364C8A4FDD}.Release|Any CPU.ActiveCfg = Release|Any CPU
		{3BA00726-0FC4-41F3-B28C-36364C8A4FDD}.Release|Any CPU.Build.0 = Release|Any CPU
		{3BA00726-0FC4-41F3-B28C-36364C8A4FDD}.Release|x64.ActiveCfg = Release|Any CPU
		{3BA00726-0FC4-41F3-B28C-36364C8A4FDD}.Release|x64.Build.0 = Release|Any CPU
		{3BA00726-0FC4-41F3-B28C-36364C8A4FDD}.Release|x86.ActiveCfg = Release|Any CPU
		{3BA00726-0FC4-41F3-B28C-36364C8A4FDD}.Release|x86.Build.0 = Release|Any CPU
		{EC924B73-7E3B-4A79-843E-2F2316950312}.Debug|Any CPU.ActiveCfg = Debug|Any CPU
		{EC924B73-7E3B-4A79-843E-2F2316950312}.Debug|Any CPU.Build.0 = Debug|Any CPU
		{EC924B73-7E3B-4A79-843E-2F2316950312}.Debug|x64.ActiveCfg = Debug|Any CPU
		{EC924B73-7E3B-4A79-843E-2F2316950312}.Debug|x64.Build.0 = Debug|Any CPU
		{EC924B73-7E3B-4A79-843E-2F2316950312}.Debug|x86.ActiveCfg = Debug|Any CPU
		{EC924B73-7E3B-4A79-843E-2F2316950312}.Debug|x86.Build.0 = Debug|Any CPU
		{EC924B73-7E3B-4A79-843E-2F2316950312}.Release|Any CPU.ActiveCfg = Release|Any CPU
		{EC924B73-7E3B-4A79-843E-2F2316950312}.Release|Any CPU.Build.0 = Release|Any CPU
		{EC924B73-7E3B-4A79-843E-2F2316950312}.Release|x64.ActiveCfg = Release|Any CPU
		{EC924B73-7E3B-4A79-843E-2F2316950312}.Release|x64.Build.0 = Release|Any CPU
		{EC924B73-7E3B-4A79-843E-2F2316950312}.Release|x86.ActiveCfg = Release|Any CPU
		{EC924B73-7E3B-4A79-843E-2F2316950312}.Release|x86.Build.0 = Release|Any CPU
		{BE9BA73B-3BCC-4F43-9C38-0307A64BE02F}.Debug|Any CPU.ActiveCfg = Debug|Any CPU
		{BE9BA73B-3BCC-4F43-9C38-0307A64BE02F}.Debug|Any CPU.Build.0 = Debug|Any CPU
		{BE9BA73B-3BCC-4F43-9C38-0307A64BE02F}.Debug|x64.ActiveCfg = Debug|Any CPU
		{BE9BA73B-3BCC-4F43-9C38-0307A64BE02F}.Debug|x64.Build.0 = Debug|Any CPU
		{BE9BA73B-3BCC-4F43-9C38-0307A64BE02F}.Debug|x86.ActiveCfg = Debug|Any CPU
		{BE9BA73B-3BCC-4F43-9C38-0307A64BE02F}.Debug|x86.Build.0 = Debug|Any CPU
		{BE9BA73B-3BCC-4F43-9C38-0307A64BE02F}.Release|Any CPU.ActiveCfg = Release|Any CPU
		{BE9BA73B-3BCC-4F43-9C38-0307A64BE02F}.Release|Any CPU.Build.0 = Release|Any CPU
		{BE9BA73B-3BCC-4F43-9C38-0307A64BE02F}.Release|x64.ActiveCfg = Release|Any CPU
		{BE9BA73B-3BCC-4F43-9C38-0307A64BE02F}.Release|x64.Build.0 = Release|Any CPU
		{BE9BA73B-3BCC-4F43-9C38-0307A64BE02F}.Release|x86.ActiveCfg = Release|Any CPU
		{BE9BA73B-3BCC-4F43-9C38-0307A64BE02F}.Release|x86.Build.0 = Release|Any CPU
		{424EDCD4-3240-4AF8-936D-159199983776}.Debug|Any CPU.ActiveCfg = Debug|Any CPU
		{424EDCD4-3240-4AF8-936D-159199983776}.Debug|Any CPU.Build.0 = Debug|Any CPU
		{424EDCD4-3240-4AF8-936D-159199983776}.Debug|x64.ActiveCfg = Debug|Any CPU
		{424EDCD4-3240-4AF8-936D-159199983776}.Debug|x64.Build.0 = Debug|Any CPU
		{424EDCD4-3240-4AF8-936D-159199983776}.Debug|x86.ActiveCfg = Debug|Any CPU
		{424EDCD4-3240-4AF8-936D-159199983776}.Debug|x86.Build.0 = Debug|Any CPU
		{424EDCD4-3240-4AF8-936D-159199983776}.Release|Any CPU.ActiveCfg = Release|Any CPU
		{424EDCD4-3240-4AF8-936D-159199983776}.Release|Any CPU.Build.0 = Release|Any CPU
		{424EDCD4-3240-4AF8-936D-159199983776}.Release|x64.ActiveCfg = Release|Any CPU
		{424EDCD4-3240-4AF8-936D-159199983776}.Release|x64.Build.0 = Release|Any CPU
		{424EDCD4-3240-4AF8-936D-159199983776}.Release|x86.ActiveCfg = Release|Any CPU
		{424EDCD4-3240-4AF8-936D-159199983776}.Release|x86.Build.0 = Release|Any CPU
		{31C3E3E6-66F4-4D20-AB53-79F68253A459}.Debug|Any CPU.ActiveCfg = Debug|Any CPU
		{31C3E3E6-66F4-4D20-AB53-79F68253A459}.Debug|Any CPU.Build.0 = Debug|Any CPU
		{31C3E3E6-66F4-4D20-AB53-79F68253A459}.Debug|x64.ActiveCfg = Debug|Any CPU
		{31C3E3E6-66F4-4D20-AB53-79F68253A459}.Debug|x64.Build.0 = Debug|Any CPU
		{31C3E3E6-66F4-4D20-AB53-79F68253A459}.Debug|x86.ActiveCfg = Debug|Any CPU
		{31C3E3E6-66F4-4D20-AB53-79F68253A459}.Debug|x86.Build.0 = Debug|Any CPU
		{31C3E3E6-66F4-4D20-AB53-79F68253A459}.Release|Any CPU.ActiveCfg = Release|Any CPU
		{31C3E3E6-66F4-4D20-AB53-79F68253A459}.Release|Any CPU.Build.0 = Release|Any CPU
		{31C3E3E6-66F4-4D20-AB53-79F68253A459}.Release|x64.ActiveCfg = Release|Any CPU
		{31C3E3E6-66F4-4D20-AB53-79F68253A459}.Release|x64.Build.0 = Release|Any CPU
		{31C3E3E6-66F4-4D20-AB53-79F68253A459}.Release|x86.ActiveCfg = Release|Any CPU
		{31C3E3E6-66F4-4D20-AB53-79F68253A459}.Release|x86.Build.0 = Release|Any CPU
	EndGlobalSection
	GlobalSection(SolutionProperties) = preSolution
		HideSolutionNode = FALSE
	EndGlobalSection
	GlobalSection(NestedProjects) = preSolution
		{066CD5A6-209E-486A-8D11-A0B803799F6C} = {ACCA8164-265C-455D-BEBD-EB16A2C8FCE9}
		{04DAFC2A-C1C8-408D-BF14-98B5A9EE1ECD} = {ACCA8164-265C-455D-BEBD-EB16A2C8FCE9}
		{0FD2E8D1-2BA0-448F-AAB8-04135D7B4A1C} = {04DAFC2A-C1C8-408D-BF14-98B5A9EE1ECD}
		{8737BC59-3093-48E4-85DD-256107FBB7BC} = {0FD2E8D1-2BA0-448F-AAB8-04135D7B4A1C}
		{DE59B69D-DBEE-422C-887A-445E305ECAB5} = {8737BC59-3093-48E4-85DD-256107FBB7BC}
		{A000517C-DE78-418F-8C7C-5230AF3449D3} = {8737BC59-3093-48E4-85DD-256107FBB7BC}
		{FA1F32C2-67C7-47ED-AFF2-3F29874AC19C} = {0FD2E8D1-2BA0-448F-AAB8-04135D7B4A1C}
		{F6CC0CCA-030B-49A6-961F-5B54AF62BE71} = {0FD2E8D1-2BA0-448F-AAB8-04135D7B4A1C}
		{B4F7A432-D7C0-41FB-960C-D79E1883BC6C} = {0FD2E8D1-2BA0-448F-AAB8-04135D7B4A1C}
		{2BC68135-0E25-4AF9-95AF-7A0F8FC13660} = {0FD2E8D1-2BA0-448F-AAB8-04135D7B4A1C}
		{ECB87A7A-2181-41F8-B957-C7D45421D985} = {ACCA8164-265C-455D-BEBD-EB16A2C8FCE9}
		{FEC45F0E-29C7-40F4-BE37-A3A2A90D38E9} = {ECB87A7A-2181-41F8-B957-C7D45421D985}
		{AB8DC1CA-9F48-4C48-BABB-5ADAE9A0B396} = {066CD5A6-209E-486A-8D11-A0B803799F6C}
		{7D47D5C8-FD6C-4927-9418-5842E0698B8B} = {066CD5A6-209E-486A-8D11-A0B803799F6C}
		{50ECECD8-8717-4DC2-8C7A-5E63BEA594BE} = {0AB3BF05-4346-4AA6-1389-037BE0695223}
		{7A083102-A7CF-4D1A-85B4-A5721B1F53ED} = {0AB3BF05-4346-4AA6-1389-037BE0695223}
		{9E2C1D04-BC47-4A81-9B69-2A95DFA864A1} = {0AB3BF05-4346-4AA6-1389-037BE0695223}
		{5C1A2E5F-7D96-4A82-8F5F-4C9B2D7C0F7A} = {0AB3BF05-4346-4AA6-1389-037BE0695223}
		{97A3228A-38BD-4125-93ED-474E64370AD3} = {04DAFC2A-C1C8-408D-BF14-98B5A9EE1ECD}
		{47166ECE-CD4C-4A29-8708-6001D62708C2} = {04DAFC2A-C1C8-408D-BF14-98B5A9EE1ECD}
		{41314D50-84A4-41B1-BDDA-65284834DAFC} = {04DAFC2A-C1C8-408D-BF14-98B5A9EE1ECD}
		{EA293492-5AA9-4FD5-929D-F2FED33E9D0F} = {04DAFC2A-C1C8-408D-BF14-98B5A9EE1ECD}
		{285074B9-04E3-4D2D-B45A-94A2D1DED547} = {04DAFC2A-C1C8-408D-BF14-98B5A9EE1ECD}
		{F42D04F6-B479-4289-8400-F478697DE90B} = {97A3228A-38BD-4125-93ED-474E64370AD3}
		{59E19A41-DE46-4967-98BB-49259BAB543C} = {F42D04F6-B479-4289-8400-F478697DE90B}
		{952B41AD-8E4E-438C-BD40-EC585DB5004F} = {F42D04F6-B479-4289-8400-F478697DE90B}
		{B3A36F8A-FF98-4510-9DD3-F13513A66E73} = {EA293492-5AA9-4FD5-929D-F2FED33E9D0F}
		{DFBFADE8-F825-4C7A-9298-0BE1860F907B} = {B3A36F8A-FF98-4510-9DD3-F13513A66E73}
		{F134921C-284C-4152-9D2A-45B777996F2F} = {B3A36F8A-FF98-4510-9DD3-F13513A66E73}
		{B46B5AC5-F53D-4DF9-9398-9306B96F54FF} = {47166ECE-CD4C-4A29-8708-6001D62708C2}
		{B2D1B285-1D93-4C0F-B5A4-E013C7AF048A} = {B46B5AC5-F53D-4DF9-9398-9306B96F54FF}
		{7919118A-2785-4609-8C17-8D7A3BD3C1A1} = {B46B5AC5-F53D-4DF9-9398-9306B96F54FF}
		{0CC2FE2C-718C-4A51-BA27-E740021AABD3} = {41314D50-84A4-41B1-BDDA-65284834DAFC}
		{FB650CB8-B2F7-4EB0-9A48-0338D990D147} = {0CC2FE2C-718C-4A51-BA27-E740021AABD3}
		{AB46F0D7-4C50-4F94-9EDD-7B8B7448DE0F} = {0CC2FE2C-718C-4A51-BA27-E740021AABD3}
		{A651C8E9-5EAD-4D25-A119-247403B85F77} = {04DAFC2A-C1C8-408D-BF14-98B5A9EE1ECD}
		{8913D68E-3724-4178-937D-B302E1B96EE7} = {A651C8E9-5EAD-4D25-A119-247403B85F77}
		{1C05EDB0-EB9F-4930-B885-B44CA03C2E96} = {8913D68E-3724-4178-937D-B302E1B96EE7}
		{7797D89F-D34A-4CCC-8021-ADC879A85446} = {8913D68E-3724-4178-937D-B302E1B96EE7}
		{E6F12B76-3DE5-4933-A9A9-C1C53A32660C} = {0AB3BF05-4346-4AA6-1389-037BE0695223}
		{993BA936-9D7E-452F-8ED1-0E15E3FDB730} = {0AB3BF05-4346-4AA6-1389-037BE0695223}
		{E7FE7864-79C2-42B4-97A5-928E619975EA} = {0AB3BF05-4346-4AA6-1389-037BE0695223}
		{F95C3A46-B79E-4553-B65A-7DA487899D72} = {0AB3BF05-4346-4AA6-1389-037BE0695223}
		{DF6D7448-7388-4DD8-A6A8-FA0D0BFA0698} = {0AB3BF05-4346-4AA6-1389-037BE0695223}
		{0F78FF70-A805-4E7A-9AF6-002EF9B4C211} = {0AB3BF05-4346-4AA6-1389-037BE0695223}
		{2C8D436F-3B20-4641-A649-AE1DC57B7FF0} = {97A3228A-38BD-4125-93ED-474E64370AD3}
		{2E4946B2-E3B6-449D-BABA-D08BDEBE1D83} = {97A3228A-38BD-4125-93ED-474E64370AD3}
		{059CFC3F-8B6A-42E6-A80D-8B3EE5298C8C} = {97A3228A-38BD-4125-93ED-474E64370AD3}
		{C9D6CCC7-A6F7-4FA5-9B22-8A1BA5E9A535} = {0AB3BF05-4346-4AA6-1389-037BE0695223}
		{6026C6CC-71F9-4BFD-95EE-E55DA74FE841} = {97A3228A-38BD-4125-93ED-474E64370AD3}
		{A9DFA097-FB08-4B75-82D8-83710499DEE2} = {F13E58A0-2A60-40A8-A032-EA816129C997}
		{B2BE8332-5A1B-496B-819C-6A354B81A77B} = {A9DFA097-FB08-4B75-82D8-83710499DEE2}
		{CEE4284D-0755-4B79-8A38-DAD2B04F495D} = {A9DFA097-FB08-4B75-82D8-83710499DEE2}
		{9793C24D-FD09-43E7-B026-11EE730A7CF7} = {A9DFA097-FB08-4B75-82D8-83710499DEE2}
		{FCC5B27E-8E95-4812-A6DC-F5EE85E085CF} = {A9DFA097-FB08-4B75-82D8-83710499DEE2}
		{75CE214B-DC44-4BB0-BD31-28DA792DA0CE} = {0AB3BF05-4346-4AA6-1389-037BE0695223}
		{8B6E2CBA-8D1E-45B5-A7AB-681237190B3A} = {EA293492-5AA9-4FD5-929D-F2FED33E9D0F}
		{B2D30D5D-FA0E-4B48-A88D-9863DC051593} = {EA293492-5AA9-4FD5-929D-F2FED33E9D0F}
		{9E782E86-7937-4AD2-ACEF-9D2958B93083} = {EA293492-5AA9-4FD5-929D-F2FED33E9D0F}
		{74C5FE56-87E3-4F1E-828D-86206026EF46} = {285074B9-04E3-4D2D-B45A-94A2D1DED547}
		{D645BB1B-C473-42D2-B36F-0659BA736200} = {74C5FE56-87E3-4F1E-828D-86206026EF46}
		{A2599AB3-A94B-45AF-889E-8AF8761D8300} = {74C5FE56-87E3-4F1E-828D-86206026EF46}
		{F92DB691-4EF6-497F-902E-FD3F67AEB3F4} = {F13E58A0-2A60-40A8-A032-EA816129C997}
		{761C2B3D-158A-4F7E-A27D-89AF1A6C060F} = {F92DB691-4EF6-497F-902E-FD3F67AEB3F4}
		{3BA00726-0FC4-41F3-B28C-36364C8A4FDD} = {EA293492-5AA9-4FD5-929D-F2FED33E9D0F}
		{8B66DD17-B8EA-4698-A8A6-8DF1D9204B9B} = {F13E58A0-2A60-40A8-A032-EA816129C997}
		{EC924B73-7E3B-4A79-843E-2F2316950312} = {8B66DD17-B8EA-4698-A8A6-8DF1D9204B9B}
		{BE9BA73B-3BCC-4F43-9C38-0307A64BE02F} = {8B66DD17-B8EA-4698-A8A6-8DF1D9204B9B}
		{424EDCD4-3240-4AF8-936D-159199983776} = {8B66DD17-B8EA-4698-A8A6-8DF1D9204B9B}
		{31C3E3E6-66F4-4D20-AB53-79F68253A459} = {8B66DD17-B8EA-4698-A8A6-8DF1D9204B9B}
	EndGlobalSection
EndGlobal
